// !$*UTF8*$!
{
	archiveVersion = 1;
	classes = {
	};
	objectVersion = 56;
	objects = {

/* Begin PBXBuildFile section */
		9F06B96C2C25BF2F00335721 /* AppDelegate.swift in Sources */ = {isa = PBXBuildFile; fileRef = 9F06B96B2C25BF2F00335721 /* AppDelegate.swift */; };
		9F06B96E2C25BF2F00335721 /* SceneDelegate.swift in Sources */ = {isa = PBXBuildFile; fileRef = 9F06B96D2C25BF2F00335721 /* SceneDelegate.swift */; };
		9F06B9702C25BF2F00335721 /* ViewController.swift in Sources */ = {isa = PBXBuildFile; fileRef = 9F06B96F2C25BF2F00335721 /* ViewController.swift */; };
		9F06B9732C25BF2F00335721 /* Base in Resources */ = {isa = PBXBuildFile; fileRef = 9F06B9722C25BF2F00335721 /* Base */; };
		9F06B9752C25BF3000335721 /* Assets.xcassets in Resources */ = {isa = PBXBuildFile; fileRef = 9F06B9742C25BF3000335721 /* Assets.xcassets */; };
		9F06B9782C25BF3000335721 /* Base in Resources */ = {isa = PBXBuildFile; fileRef = 9F06B9772C25BF3000335721 /* Base */; };
		9F06B9832C25BF3000335721 /* PokeDexTests.swift in Sources */ = {isa = PBXBuildFile; fileRef = 9F06B9822C25BF3000335721 /* PokeDexTests.swift */; };
		9F06B98D2C25BF3000335721 /* PokeDexUITests.swift in Sources */ = {isa = PBXBuildFile; fileRef = 9F06B98C2C25BF3000335721 /* PokeDexUITests.swift */; };
		9F06B98F2C25BF3000335721 /* PokeDexUITestsLaunchTests.swift in Sources */ = {isa = PBXBuildFile; fileRef = 9F06B98E2C25BF3000335721 /* PokeDexUITestsLaunchTests.swift */; };
		9F06B99D2C25BF6600335721 /* SnapKit in Frameworks */ = {isa = PBXBuildFile; productRef = 9F06B99C2C25BF6600335721 /* SnapKit */; };
		9F06B9A02C25BFDE00335721 /* SDWebImage in Frameworks */ = {isa = PBXBuildFile; productRef = 9F06B99F2C25BFDE00335721 /* SDWebImage */; };
		9F06B9A32C25C01900335721 /* Alamofire in Frameworks */ = {isa = PBXBuildFile; productRef = 9F06B9A22C25C01900335721 /* Alamofire */; };
/* End PBXBuildFile section */

/* Begin PBXContainerItemProxy section */
		9F06B97F2C25BF3000335721 /* PBXContainerItemProxy */ = {
			isa = PBXContainerItemProxy;
			containerPortal = 9F06B9602C25BF2F00335721 /* Project object */;
			proxyType = 1;
			remoteGlobalIDString = 9F06B9672C25BF2F00335721;
			remoteInfo = PokeDex;
		};
		9F06B9892C25BF3000335721 /* PBXContainerItemProxy */ = {
			isa = PBXContainerItemProxy;
			containerPortal = 9F06B9602C25BF2F00335721 /* Project object */;
			proxyType = 1;
			remoteGlobalIDString = 9F06B9672C25BF2F00335721;
			remoteInfo = PokeDex;
		};
/* End PBXContainerItemProxy section */

/* Begin PBXFileReference section */
		9F06B9682C25BF2F00335721 /* PokeDex.app */ = {isa = PBXFileReference; explicitFileType = wrapper.application; includeInIndex = 0; path = PokeDex.app; sourceTree = BUILT_PRODUCTS_DIR; };
		9F06B96B2C25BF2F00335721 /* AppDelegate.swift */ = {isa = PBXFileReference; lastKnownFileType = sourcecode.swift; path = AppDelegate.swift; sourceTree = "<group>"; };
		9F06B96D2C25BF2F00335721 /* SceneDelegate.swift */ = {isa = PBXFileReference; lastKnownFileType = sourcecode.swift; path = SceneDelegate.swift; sourceTree = "<group>"; };
		9F06B96F2C25BF2F00335721 /* ViewController.swift */ = {isa = PBXFileReference; lastKnownFileType = sourcecode.swift; path = ViewController.swift; sourceTree = "<group>"; };
		9F06B9722C25BF2F00335721 /* Base */ = {isa = PBXFileReference; lastKnownFileType = file.storyboard; name = Base; path = Base.lproj/Main.storyboard; sourceTree = "<group>"; };
		9F06B9742C25BF3000335721 /* Assets.xcassets */ = {isa = PBXFileReference; lastKnownFileType = folder.assetcatalog; path = Assets.xcassets; sourceTree = "<group>"; };
		9F06B9772C25BF3000335721 /* Base */ = {isa = PBXFileReference; lastKnownFileType = file.storyboard; name = Base; path = Base.lproj/LaunchScreen.storyboard; sourceTree = "<group>"; };
		9F06B9792C25BF3000335721 /* Info.plist */ = {isa = PBXFileReference; lastKnownFileType = text.plist.xml; path = Info.plist; sourceTree = "<group>"; };
		9F06B97E2C25BF3000335721 /* PokeDexTests.xctest */ = {isa = PBXFileReference; explicitFileType = wrapper.cfbundle; includeInIndex = 0; path = PokeDexTests.xctest; sourceTree = BUILT_PRODUCTS_DIR; };
		9F06B9822C25BF3000335721 /* PokeDexTests.swift */ = {isa = PBXFileReference; lastKnownFileType = sourcecode.swift; path = PokeDexTests.swift; sourceTree = "<group>"; };
		9F06B9882C25BF3000335721 /* PokeDexUITests.xctest */ = {isa = PBXFileReference; explicitFileType = wrapper.cfbundle; includeInIndex = 0; path = PokeDexUITests.xctest; sourceTree = BUILT_PRODUCTS_DIR; };
		9F06B98C2C25BF3000335721 /* PokeDexUITests.swift */ = {isa = PBXFileReference; lastKnownFileType = sourcecode.swift; path = PokeDexUITests.swift; sourceTree = "<group>"; };
		9F06B98E2C25BF3000335721 /* PokeDexUITestsLaunchTests.swift */ = {isa = PBXFileReference; lastKnownFileType = sourcecode.swift; path = PokeDexUITestsLaunchTests.swift; sourceTree = "<group>"; };
/* End PBXFileReference section */

/* Begin PBXFrameworksBuildPhase section */
		9F06B9652C25BF2F00335721 /* Frameworks */ = {
			isa = PBXFrameworksBuildPhase;
			buildActionMask = 2147483647;
			files = (
				9F06B9A32C25C01900335721 /* Alamofire in Frameworks */,
				9F06B9A02C25BFDE00335721 /* SDWebImage in Frameworks */,
				9F06B99D2C25BF6600335721 /* SnapKit in Frameworks */,
			);
			runOnlyForDeploymentPostprocessing = 0;
		};
		9F06B97B2C25BF3000335721 /* Frameworks */ = {
			isa = PBXFrameworksBuildPhase;
			buildActionMask = 2147483647;
			files = (
			);
			runOnlyForDeploymentPostprocessing = 0;
		};
		9F06B9852C25BF3000335721 /* Frameworks */ = {
			isa = PBXFrameworksBuildPhase;
			buildActionMask = 2147483647;
			files = (
			);
			runOnlyForDeploymentPostprocessing = 0;
		};
/* End PBXFrameworksBuildPhase section */

/* Begin PBXGroup section */
		9F06B95F2C25BF2F00335721 = {
			isa = PBXGroup;
			children = (
				9F06B96A2C25BF2F00335721 /* PokeDex */,
				9F06B9812C25BF3000335721 /* PokeDexTests */,
				9F06B98B2C25BF3000335721 /* PokeDexUITests */,
				9F06B9692C25BF2F00335721 /* Products */,
			);
			sourceTree = "<group>";
		};
		9F06B9692C25BF2F00335721 /* Products */ = {
			isa = PBXGroup;
			children = (
				9F06B9682C25BF2F00335721 /* PokeDex.app */,
				9F06B97E2C25BF3000335721 /* PokeDexTests.xctest */,
				9F06B9882C25BF3000335721 /* PokeDexUITests.xctest */,
			);
			name = Products;
			sourceTree = "<group>";
		};
		9F06B96A2C25BF2F00335721 /* PokeDex */ = {
			isa = PBXGroup;
			children = (
				9F06B96B2C25BF2F00335721 /* AppDelegate.swift */,
				9F06B96D2C25BF2F00335721 /* SceneDelegate.swift */,
				9F06B96F2C25BF2F00335721 /* ViewController.swift */,
				9F06B9712C25BF2F00335721 /* Main.storyboard */,
				9F06B9742C25BF3000335721 /* Assets.xcassets */,
				9F06B9762C25BF3000335721 /* LaunchScreen.storyboard */,
				9F06B9792C25BF3000335721 /* Info.plist */,
			);
			path = PokeDex;
			sourceTree = "<group>";
		};
		9F06B9812C25BF3000335721 /* PokeDexTests */ = {
			isa = PBXGroup;
			children = (
				9F06B9822C25BF3000335721 /* PokeDexTests.swift */,
			);
			path = PokeDexTests;
			sourceTree = "<group>";
		};
		9F06B98B2C25BF3000335721 /* PokeDexUITests */ = {
			isa = PBXGroup;
			children = (
				9F06B98C2C25BF3000335721 /* PokeDexUITests.swift */,
				9F06B98E2C25BF3000335721 /* PokeDexUITestsLaunchTests.swift */,
			);
			path = PokeDexUITests;
			sourceTree = "<group>";
		};
/* End PBXGroup section */

/* Begin PBXNativeTarget section */
		9F06B9672C25BF2F00335721 /* PokeDex */ = {
			isa = PBXNativeTarget;
			buildConfigurationList = 9F06B9922C25BF3000335721 /* Build configuration list for PBXNativeTarget "PokeDex" */;
			buildPhases = (
				9F06B9642C25BF2F00335721 /* Sources */,
				9F06B9652C25BF2F00335721 /* Frameworks */,
				9F06B9662C25BF2F00335721 /* Resources */,
			);
			buildRules = (
			);
			dependencies = (
			);
			name = PokeDex;
			packageProductDependencies = (
				9F06B99C2C25BF6600335721 /* SnapKit */,
				9F06B99F2C25BFDE00335721 /* SDWebImage */,
				9F06B9A22C25C01900335721 /* Alamofire */,
			);
			productName = PokeDex;
			productReference = 9F06B9682C25BF2F00335721 /* PokeDex.app */;
			productType = "com.apple.product-type.application";
		};
		9F06B97D2C25BF3000335721 /* PokeDexTests */ = {
			isa = PBXNativeTarget;
			buildConfigurationList = 9F06B9952C25BF3000335721 /* Build configuration list for PBXNativeTarget "PokeDexTests" */;
			buildPhases = (
				9F06B97A2C25BF3000335721 /* Sources */,
				9F06B97B2C25BF3000335721 /* Frameworks */,
				9F06B97C2C25BF3000335721 /* Resources */,
			);
			buildRules = (
			);
			dependencies = (
				9F06B9802C25BF3000335721 /* PBXTargetDependency */,
			);
			name = PokeDexTests;
			productName = PokeDexTests;
			productReference = 9F06B97E2C25BF3000335721 /* PokeDexTests.xctest */;
			productType = "com.apple.product-type.bundle.unit-test";
		};
		9F06B9872C25BF3000335721 /* PokeDexUITests */ = {
			isa = PBXNativeTarget;
			buildConfigurationList = 9F06B9982C25BF3000335721 /* Build configuration list for PBXNativeTarget "PokeDexUITests" */;
			buildPhases = (
				9F06B9842C25BF3000335721 /* Sources */,
				9F06B9852C25BF3000335721 /* Frameworks */,
				9F06B9862C25BF3000335721 /* Resources */,
			);
			buildRules = (
			);
			dependencies = (
				9F06B98A2C25BF3000335721 /* PBXTargetDependency */,
			);
			name = PokeDexUITests;
			productName = PokeDexUITests;
			productReference = 9F06B9882C25BF3000335721 /* PokeDexUITests.xctest */;
			productType = "com.apple.product-type.bundle.ui-testing";
		};
/* End PBXNativeTarget section */

/* Begin PBXProject section */
		9F06B9602C25BF2F00335721 /* Project object */ = {
			isa = PBXProject;
			attributes = {
				BuildIndependentTargetsInParallel = 1;
				LastSwiftUpdateCheck = 1530;
				LastUpgradeCheck = 1530;
				TargetAttributes = {
					9F06B9672C25BF2F00335721 = {
						CreatedOnToolsVersion = 15.3;
					};
					9F06B97D2C25BF3000335721 = {
						CreatedOnToolsVersion = 15.3;
						TestTargetID = 9F06B9672C25BF2F00335721;
					};
					9F06B9872C25BF3000335721 = {
						CreatedOnToolsVersion = 15.3;
						TestTargetID = 9F06B9672C25BF2F00335721;
					};
				};
			};
			buildConfigurationList = 9F06B9632C25BF2F00335721 /* Build configuration list for PBXProject "PokeDex" */;
			compatibilityVersion = "Xcode 14.0";
			developmentRegion = en;
			hasScannedForEncodings = 0;
			knownRegions = (
				en,
				Base,
			);
			mainGroup = 9F06B95F2C25BF2F00335721;
			packageReferences = (
				9F06B99B2C25BF6600335721 /* XCRemoteSwiftPackageReference "SnapKit" */,
				9F06B99E2C25BFDE00335721 /* XCRemoteSwiftPackageReference "SDWebImage" */,
				9F06B9A12C25C01900335721 /* XCRemoteSwiftPackageReference "Alamofire" */,
			);
			productRefGroup = 9F06B9692C25BF2F00335721 /* Products */;
			projectDirPath = "";
			projectRoot = "";
			targets = (
				9F06B9672C25BF2F00335721 /* PokeDex */,
				9F06B97D2C25BF3000335721 /* PokeDexTests */,
				9F06B9872C25BF3000335721 /* PokeDexUITests */,
			);
		};
/* End PBXProject section */

/* Begin PBXResourcesBuildPhase section */
		9F06B9662C25BF2F00335721 /* Resources */ = {
			isa = PBXResourcesBuildPhase;
			buildActionMask = 2147483647;
			files = (
				9F06B9752C25BF3000335721 /* Assets.xcassets in Resources */,
				9F06B9782C25BF3000335721 /* Base in Resources */,
				9F06B9732C25BF2F00335721 /* Base in Resources */,
			);
			runOnlyForDeploymentPostprocessing = 0;
		};
		9F06B97C2C25BF3000335721 /* Resources */ = {
			isa = PBXResourcesBuildPhase;
			buildActionMask = 2147483647;
			files = (
			);
			runOnlyForDeploymentPostprocessing = 0;
		};
		9F06B9862C25BF3000335721 /* Resources */ = {
			isa = PBXResourcesBuildPhase;
			buildActionMask = 2147483647;
			files = (
			);
			runOnlyForDeploymentPostprocessing = 0;
		};
/* End PBXResourcesBuildPhase section */

/* Begin PBXSourcesBuildPhase section */
		9F06B9642C25BF2F00335721 /* Sources */ = {
			isa = PBXSourcesBuildPhase;
			buildActionMask = 2147483647;
			files = (
				9F06B9702C25BF2F00335721 /* ViewController.swift in Sources */,
				9F06B96C2C25BF2F00335721 /* AppDelegate.swift in Sources */,
				9F06B96E2C25BF2F00335721 /* SceneDelegate.swift in Sources */,
			);
			runOnlyForDeploymentPostprocessing = 0;
		};
		9F06B97A2C25BF3000335721 /* Sources */ = {
			isa = PBXSourcesBuildPhase;
			buildActionMask = 2147483647;
			files = (
				9F06B9832C25BF3000335721 /* PokeDexTests.swift in Sources */,
			);
			runOnlyForDeploymentPostprocessing = 0;
		};
		9F06B9842C25BF3000335721 /* Sources */ = {
			isa = PBXSourcesBuildPhase;
			buildActionMask = 2147483647;
			files = (
				9F06B98D2C25BF3000335721 /* PokeDexUITests.swift in Sources */,
				9F06B98F2C25BF3000335721 /* PokeDexUITestsLaunchTests.swift in Sources */,
			);
			runOnlyForDeploymentPostprocessing = 0;
		};
/* End PBXSourcesBuildPhase section */

/* Begin PBXTargetDependency section */
		9F06B9802C25BF3000335721 /* PBXTargetDependency */ = {
			isa = PBXTargetDependency;
			target = 9F06B9672C25BF2F00335721 /* PokeDex */;
			targetProxy = 9F06B97F2C25BF3000335721 /* PBXContainerItemProxy */;
		};
		9F06B98A2C25BF3000335721 /* PBXTargetDependency */ = {
			isa = PBXTargetDependency;
			target = 9F06B9672C25BF2F00335721 /* PokeDex */;
			targetProxy = 9F06B9892C25BF3000335721 /* PBXContainerItemProxy */;
		};
/* End PBXTargetDependency section */

/* Begin PBXVariantGroup section */
		9F06B9712C25BF2F00335721 /* Main.storyboard */ = {
			isa = PBXVariantGroup;
			children = (
				9F06B9722C25BF2F00335721 /* Base */,
			);
			name = Main.storyboard;
			sourceTree = "<group>";
		};
		9F06B9762C25BF3000335721 /* LaunchScreen.storyboard */ = {
			isa = PBXVariantGroup;
			children = (
				9F06B9772C25BF3000335721 /* Base */,
			);
			name = LaunchScreen.storyboard;
			sourceTree = "<group>";
		};
/* End PBXVariantGroup section */

/* Begin XCBuildConfiguration section */
		9F06B9902C25BF3000335721 /* Debug */ = {
			isa = XCBuildConfiguration;
			buildSettings = {
				ALWAYS_SEARCH_USER_PATHS = NO;
				ASSETCATALOG_COMPILER_GENERATE_SWIFT_ASSET_SYMBOL_EXTENSIONS = YES;
				CLANG_ANALYZER_NONNULL = YES;
				CLANG_ANALYZER_NUMBER_OBJECT_CONVERSION = YES_AGGRESSIVE;
				CLANG_CXX_LANGUAGE_STANDARD = "gnu++20";
				CLANG_ENABLE_MODULES = YES;
				CLANG_ENABLE_OBJC_ARC = YES;
				CLANG_ENABLE_OBJC_WEAK = YES;
				CLANG_WARN_BLOCK_CAPTURE_AUTORELEASING = YES;
				CLANG_WARN_BOOL_CONVERSION = YES;
				CLANG_WARN_COMMA = YES;
				CLANG_WARN_CONSTANT_CONVERSION = YES;
				CLANG_WARN_DEPRECATED_OBJC_IMPLEMENTATIONS = YES;
				CLANG_WARN_DIRECT_OBJC_ISA_USAGE = YES_ERROR;
				CLANG_WARN_DOCUMENTATION_COMMENTS = YES;
				CLANG_WARN_EMPTY_BODY = YES;
				CLANG_WARN_ENUM_CONVERSION = YES;
				CLANG_WARN_INFINITE_RECURSION = YES;
				CLANG_WARN_INT_CONVERSION = YES;
				CLANG_WARN_NON_LITERAL_NULL_CONVERSION = YES;
				CLANG_WARN_OBJC_IMPLICIT_RETAIN_SELF = YES;
				CLANG_WARN_OBJC_LITERAL_CONVERSION = YES;
				CLANG_WARN_OBJC_ROOT_CLASS = YES_ERROR;
				CLANG_WARN_QUOTED_INCLUDE_IN_FRAMEWORK_HEADER = YES;
				CLANG_WARN_RANGE_LOOP_ANALYSIS = YES;
				CLANG_WARN_STRICT_PROTOTYPES = YES;
				CLANG_WARN_SUSPICIOUS_MOVE = YES;
				CLANG_WARN_UNGUARDED_AVAILABILITY = YES_AGGRESSIVE;
				CLANG_WARN_UNREACHABLE_CODE = YES;
				CLANG_WARN__DUPLICATE_METHOD_MATCH = YES;
				COPY_PHASE_STRIP = NO;
				DEBUG_INFORMATION_FORMAT = dwarf;
				ENABLE_STRICT_OBJC_MSGSEND = YES;
				ENABLE_TESTABILITY = YES;
				ENABLE_USER_SCRIPT_SANDBOXING = YES;
				GCC_C_LANGUAGE_STANDARD = gnu17;
				GCC_DYNAMIC_NO_PIC = NO;
				GCC_NO_COMMON_BLOCKS = YES;
				GCC_OPTIMIZATION_LEVEL = 0;
				GCC_PREPROCESSOR_DEFINITIONS = (
					"DEBUG=1",
					"$(inherited)",
				);
				GCC_WARN_64_TO_32_BIT_CONVERSION = YES;
				GCC_WARN_ABOUT_RETURN_TYPE = YES_ERROR;
				GCC_WARN_UNDECLARED_SELECTOR = YES;
				GCC_WARN_UNINITIALIZED_AUTOS = YES_AGGRESSIVE;
				GCC_WARN_UNUSED_FUNCTION = YES;
				GCC_WARN_UNUSED_VARIABLE = YES;
				IPHONEOS_DEPLOYMENT_TARGET = 17.4;
				LOCALIZATION_PREFERS_STRING_CATALOGS = YES;
				MTL_ENABLE_DEBUG_INFO = INCLUDE_SOURCE;
				MTL_FAST_MATH = YES;
				ONLY_ACTIVE_ARCH = YES;
				SDKROOT = iphoneos;
				SWIFT_ACTIVE_COMPILATION_CONDITIONS = "DEBUG $(inherited)";
				SWIFT_OPTIMIZATION_LEVEL = "-Onone";
			};
			name = Debug;
		};
		9F06B9912C25BF3000335721 /* Release */ = {
			isa = XCBuildConfiguration;
			buildSettings = {
				ALWAYS_SEARCH_USER_PATHS = NO;
				ASSETCATALOG_COMPILER_GENERATE_SWIFT_ASSET_SYMBOL_EXTENSIONS = YES;
				CLANG_ANALYZER_NONNULL = YES;
				CLANG_ANALYZER_NUMBER_OBJECT_CONVERSION = YES_AGGRESSIVE;
				CLANG_CXX_LANGUAGE_STANDARD = "gnu++20";
				CLANG_ENABLE_MODULES = YES;
				CLANG_ENABLE_OBJC_ARC = YES;
				CLANG_ENABLE_OBJC_WEAK = YES;
				CLANG_WARN_BLOCK_CAPTURE_AUTORELEASING = YES;
				CLANG_WARN_BOOL_CONVERSION = YES;
				CLANG_WARN_COMMA = YES;
				CLANG_WARN_CONSTANT_CONVERSION = YES;
				CLANG_WARN_DEPRECATED_OBJC_IMPLEMENTATIONS = YES;
				CLANG_WARN_DIRECT_OBJC_ISA_USAGE = YES_ERROR;
				CLANG_WARN_DOCUMENTATION_COMMENTS = YES;
				CLANG_WARN_EMPTY_BODY = YES;
				CLANG_WARN_ENUM_CONVERSION = YES;
				CLANG_WARN_INFINITE_RECURSION = YES;
				CLANG_WARN_INT_CONVERSION = YES;
				CLANG_WARN_NON_LITERAL_NULL_CONVERSION = YES;
				CLANG_WARN_OBJC_IMPLICIT_RETAIN_SELF = YES;
				CLANG_WARN_OBJC_LITERAL_CONVERSION = YES;
				CLANG_WARN_OBJC_ROOT_CLASS = YES_ERROR;
				CLANG_WARN_QUOTED_INCLUDE_IN_FRAMEWORK_HEADER = YES;
				CLANG_WARN_RANGE_LOOP_ANALYSIS = YES;
				CLANG_WARN_STRICT_PROTOTYPES = YES;
				CLANG_WARN_SUSPICIOUS_MOVE = YES;
				CLANG_WARN_UNGUARDED_AVAILABILITY = YES_AGGRESSIVE;
				CLANG_WARN_UNREACHABLE_CODE = YES;
				CLANG_WARN__DUPLICATE_METHOD_MATCH = YES;
				COPY_PHASE_STRIP = NO;
				DEBUG_INFORMATION_FORMAT = "dwarf-with-dsym";
				ENABLE_NS_ASSERTIONS = NO;
				ENABLE_STRICT_OBJC_MSGSEND = YES;
				ENABLE_USER_SCRIPT_SANDBOXING = YES;
				GCC_C_LANGUAGE_STANDARD = gnu17;
				GCC_NO_COMMON_BLOCKS = YES;
				GCC_WARN_64_TO_32_BIT_CONVERSION = YES;
				GCC_WARN_ABOUT_RETURN_TYPE = YES_ERROR;
				GCC_WARN_UNDECLARED_SELECTOR = YES;
				GCC_WARN_UNINITIALIZED_AUTOS = YES_AGGRESSIVE;
				GCC_WARN_UNUSED_FUNCTION = YES;
				GCC_WARN_UNUSED_VARIABLE = YES;
				IPHONEOS_DEPLOYMENT_TARGET = 17.4;
				LOCALIZATION_PREFERS_STRING_CATALOGS = YES;
				MTL_ENABLE_DEBUG_INFO = NO;
				MTL_FAST_MATH = YES;
				SDKROOT = iphoneos;
				SWIFT_COMPILATION_MODE = wholemodule;
				VALIDATE_PRODUCT = YES;
			};
			name = Release;
		};
		9F06B9932C25BF3000335721 /* Debug */ = {
			isa = XCBuildConfiguration;
			buildSettings = {
				ASSETCATALOG_COMPILER_APPICON_NAME = AppIcon;
				ASSETCATALOG_COMPILER_GLOBAL_ACCENT_COLOR_NAME = AccentColor;
				CODE_SIGN_STYLE = Automatic;
				CURRENT_PROJECT_VERSION = 1;
				DEVELOPMENT_TEAM = VD878HBDH2;
				GENERATE_INFOPLIST_FILE = YES;
				INFOPLIST_FILE = PokeDex/Info.plist;
				INFOPLIST_KEY_UIApplicationSupportsIndirectInputEvents = YES;
				INFOPLIST_KEY_UILaunchStoryboardName = LaunchScreen;
				INFOPLIST_KEY_UIMainStoryboardFile = Main;
				INFOPLIST_KEY_UISupportedInterfaceOrientations_iPad = "UIInterfaceOrientationPortrait UIInterfaceOrientationPortraitUpsideDown UIInterfaceOrientationLandscapeLeft UIInterfaceOrientationLandscapeRight";
				INFOPLIST_KEY_UISupportedInterfaceOrientations_iPhone = "UIInterfaceOrientationPortrait UIInterfaceOrientationLandscapeLeft UIInterfaceOrientationLandscapeRight";
				LD_RUNPATH_SEARCH_PATHS = (
					"$(inherited)",
					"@executable_path/Frameworks",
				);
				MARKETING_VERSION = 1.0;
				PRODUCT_BUNDLE_IDENTIFIER = com.bk4j.PokeDex;
				PRODUCT_NAME = "$(TARGET_NAME)";
				SWIFT_EMIT_LOC_STRINGS = YES;
				SWIFT_VERSION = 5.0;
				TARGETED_DEVICE_FAMILY = "1,2";
			};
			name = Debug;
		};
		9F06B9942C25BF3000335721 /* Release */ = {
			isa = XCBuildConfiguration;
			buildSettings = {
				ASSETCATALOG_COMPILER_APPICON_NAME = AppIcon;
				ASSETCATALOG_COMPILER_GLOBAL_ACCENT_COLOR_NAME = AccentColor;
				CODE_SIGN_STYLE = Automatic;
				CURRENT_PROJECT_VERSION = 1;
				DEVELOPMENT_TEAM = VD878HBDH2;
				GENERATE_INFOPLIST_FILE = YES;
				INFOPLIST_FILE = PokeDex/Info.plist;
				INFOPLIST_KEY_UIApplicationSupportsIndirectInputEvents = YES;
				INFOPLIST_KEY_UILaunchStoryboardName = LaunchScreen;
				INFOPLIST_KEY_UIMainStoryboardFile = Main;
				INFOPLIST_KEY_UISupportedInterfaceOrientations_iPad = "UIInterfaceOrientationPortrait UIInterfaceOrientationPortraitUpsideDown UIInterfaceOrientationLandscapeLeft UIInterfaceOrientationLandscapeRight";
				INFOPLIST_KEY_UISupportedInterfaceOrientations_iPhone = "UIInterfaceOrientationPortrait UIInterfaceOrientationLandscapeLeft UIInterfaceOrientationLandscapeRight";
				LD_RUNPATH_SEARCH_PATHS = (
					"$(inherited)",
					"@executable_path/Frameworks",
				);
				MARKETING_VERSION = 1.0;
				PRODUCT_BUNDLE_IDENTIFIER = com.bk4j.PokeDex;
				PRODUCT_NAME = "$(TARGET_NAME)";
				SWIFT_EMIT_LOC_STRINGS = YES;
				SWIFT_VERSION = 5.0;
				TARGETED_DEVICE_FAMILY = "1,2";
			};
			name = Release;
		};
		9F06B9962C25BF3000335721 /* Debug */ = {
			isa = XCBuildConfiguration;
			buildSettings = {
				ALWAYS_EMBED_SWIFT_STANDARD_LIBRARIES = YES;
				BUNDLE_LOADER = "$(TEST_HOST)";
				CODE_SIGN_STYLE = Automatic;
				CURRENT_PROJECT_VERSION = 1;
				DEVELOPMENT_TEAM = VD878HBDH2;
				GENERATE_INFOPLIST_FILE = YES;
				IPHONEOS_DEPLOYMENT_TARGET = 17.4;
				MARKETING_VERSION = 1.0;
				PRODUCT_BUNDLE_IDENTIFIER = com.bk4j.PokeDexTests;
				PRODUCT_NAME = "$(TARGET_NAME)";
				SWIFT_EMIT_LOC_STRINGS = NO;
				SWIFT_VERSION = 5.0;
				TARGETED_DEVICE_FAMILY = "1,2";
				TEST_HOST = "$(BUILT_PRODUCTS_DIR)/PokeDex.app/$(BUNDLE_EXECUTABLE_FOLDER_PATH)/PokeDex";
			};
			name = Debug;
		};
		9F06B9972C25BF3000335721 /* Release */ = {
			isa = XCBuildConfiguration;
			buildSettings = {
				ALWAYS_EMBED_SWIFT_STANDARD_LIBRARIES = YES;
				BUNDLE_LOADER = "$(TEST_HOST)";
				CODE_SIGN_STYLE = Automatic;
				CURRENT_PROJECT_VERSION = 1;
				DEVELOPMENT_TEAM = VD878HBDH2;
				GENERATE_INFOPLIST_FILE = YES;
				IPHONEOS_DEPLOYMENT_TARGET = 17.4;
				MARKETING_VERSION = 1.0;
				PRODUCT_BUNDLE_IDENTIFIER = com.bk4j.PokeDexTests;
				PRODUCT_NAME = "$(TARGET_NAME)";
				SWIFT_EMIT_LOC_STRINGS = NO;
				SWIFT_VERSION = 5.0;
				TARGETED_DEVICE_FAMILY = "1,2";
				TEST_HOST = "$(BUILT_PRODUCTS_DIR)/PokeDex.app/$(BUNDLE_EXECUTABLE_FOLDER_PATH)/PokeDex";
			};
			name = Release;
		};
		9F06B9992C25BF3000335721 /* Debug */ = {
			isa = XCBuildConfiguration;
			buildSettings = {
				ALWAYS_EMBED_SWIFT_STANDARD_LIBRARIES = YES;
				CODE_SIGN_STYLE = Automatic;
				CURRENT_PROJECT_VERSION = 1;
				DEVELOPMENT_TEAM = VD878HBDH2;
				GENERATE_INFOPLIST_FILE = YES;
				MARKETING_VERSION = 1.0;
				PRODUCT_BUNDLE_IDENTIFIER = com.bk4j.PokeDexUITests;
				PRODUCT_NAME = "$(TARGET_NAME)";
				SWIFT_EMIT_LOC_STRINGS = NO;
				SWIFT_VERSION = 5.0;
				TARGETED_DEVICE_FAMILY = "1,2";
				TEST_TARGET_NAME = PokeDex;
			};
			name = Debug;
		};
		9F06B99A2C25BF3000335721 /* Release */ = {
			isa = XCBuildConfiguration;
			buildSettings = {
				ALWAYS_EMBED_SWIFT_STANDARD_LIBRARIES = YES;
				CODE_SIGN_STYLE = Automatic;
				CURRENT_PROJECT_VERSION = 1;
				DEVELOPMENT_TEAM = VD878HBDH2;
				GENERATE_INFOPLIST_FILE = YES;
				MARKETING_VERSION = 1.0;
				PRODUCT_BUNDLE_IDENTIFIER = com.bk4j.PokeDexUITests;
				PRODUCT_NAME = "$(TARGET_NAME)";
				SWIFT_EMIT_LOC_STRINGS = NO;
				SWIFT_VERSION = 5.0;
				TARGETED_DEVICE_FAMILY = "1,2";
				TEST_TARGET_NAME = PokeDex;
			};
			name = Release;
		};
/* End XCBuildConfiguration section */

/* Begin XCConfigurationList section */
		9F06B9632C25BF2F00335721 /* Build configuration list for PBXProject "PokeDex" */ = {
			isa = XCConfigurationList;
			buildConfigurations = (
				9F06B9902C25BF3000335721 /* Debug */,
				9F06B9912C25BF3000335721 /* Release */,
			);
			defaultConfigurationIsVisible = 0;
			defaultConfigurationName = Release;
		};
		9F06B9922C25BF3000335721 /* Build configuration list for PBXNativeTarget "PokeDex" */ = {
			isa = XCConfigurationList;
			buildConfigurations = (
				9F06B9932C25BF3000335721 /* Debug */,
				9F06B9942C25BF3000335721 /* Release */,
			);
			defaultConfigurationIsVisible = 0;
			defaultConfigurationName = Release;
		};
		9F06B9952C25BF3000335721 /* Build configuration list for PBXNativeTarget "PokeDexTests" */ = {
			isa = XCConfigurationList;
			buildConfigurations = (
				9F06B9962C25BF3000335721 /* Debug */,
				9F06B9972C25BF3000335721 /* Release */,
			);
			defaultConfigurationIsVisible = 0;
			defaultConfigurationName = Release;
		};
		9F06B9982C25BF3000335721 /* Build configuration list for PBXNativeTarget "PokeDexUITests" */ = {
			isa = XCConfigurationList;
			buildConfigurations = (
				9F06B9992C25BF3000335721 /* Debug */,
				9F06B99A2C25BF3000335721 /* Release */,
			);
			defaultConfigurationIsVisible = 0;
			defaultConfigurationName = Release;
		};
/* End XCConfigurationList section */

/* Begin XCRemoteSwiftPackageReference section */
		9F06B99B2C25BF6600335721 /* XCRemoteSwiftPackageReference "SnapKit" */ = {
			isa = XCRemoteSwiftPackageReference;
			repositoryURL = "https://github.com/SnapKit/SnapKit.git";
			requirement = {
				kind = upToNextMajorVersion;
				minimumVersion = 5.7.1;
			};
		};
		9F06B99E2C25BFDE00335721 /* XCRemoteSwiftPackageReference "SDWebImage" */ = {
			isa = XCRemoteSwiftPackageReference;
			repositoryURL = "https://github.com/SDWebImage/SDWebImage.git";
			requirement = {
				kind = upToNextMajorVersion;
				minimumVersion = 5.19.3;
			};
		};
		9F06B9A12C25C01900335721 /* XCRemoteSwiftPackageReference "Alamofire" */ = {
			isa = XCRemoteSwiftPackageReference;
			repositoryURL = "https://github.com/Alamofire/Alamofire.git";
			requirement = {
				kind = upToNextMajorVersion;
				minimumVersion = 5.9.1;
			};
		};
/* End XCRemoteSwiftPackageReference section */

/* Begin XCSwiftPackageProductDependency section */
		9F06B99C2C25BF6600335721 /* SnapKit */ = {
			isa = XCSwiftPackageProductDependency;
			package = 9F06B99B2C25BF6600335721 /* XCRemoteSwiftPackageReference "SnapKit" */;
			productName = SnapKit;
		};
		9F06B99F2C25BFDE00335721 /* SDWebImage */ = {
			isa = XCSwiftPackageProductDependency;
			package = 9F06B99E2C25BFDE00335721 /* XCRemoteSwiftPackageReference "SDWebImage" */;
			productName = SDWebImage;
		};
		9F06B9A22C25C01900335721 /* Alamofire */ = {
			isa = XCSwiftPackageProductDependency;
			package = 9F06B9A12C25C01900335721 /* XCRemoteSwiftPackageReference "Alamofire" */;
			productName = Alamofire;
		};
/* End XCSwiftPackageProductDependency section */
	};
	rootObject = 9F06B9602C25BF2F00335721 /* Project object */;
}
