// !$*UTF8*$!
{
	archiveVersion = 1;
	classes = {
	};
	objectVersion = 56;
	objects = {

/* Begin PBXBuildFile section */
		9F06B96C2C25BF2F00335721 /* AppDelegate.swift in Sources */ = {isa = PBXBuildFile; fileRef = 9F06B96B2C25BF2F00335721 /* AppDelegate.swift */; };
		9F06B96E2C25BF2F00335721 /* SceneDelegate.swift in Sources */ = {isa = PBXBuildFile; fileRef = 9F06B96D2C25BF2F00335721 /* SceneDelegate.swift */; };
		9F06B9752C25BF3000335721 /* Assets.xcassets in Resources */ = {isa = PBXBuildFile; fileRef = 9F06B9742C25BF3000335721 /* Assets.xcassets */; };
		9F06B9782C25BF3000335721 /* Base in Resources */ = {isa = PBXBuildFile; fileRef = 9F06B9772C25BF3000335721 /* Base */; };
		9F06B9832C25BF3000335721 /* PokeDexTests.swift in Sources */ = {isa = PBXBuildFile; fileRef = 9F06B9822C25BF3000335721 /* PokeDexTests.swift */; };
		9F06B98D2C25BF3000335721 /* PokeDexUITests.swift in Sources */ = {isa = PBXBuildFile; fileRef = 9F06B98C2C25BF3000335721 /* PokeDexUITests.swift */; };
		9F06B98F2C25BF3000335721 /* PokeDexUITestsLaunchTests.swift in Sources */ = {isa = PBXBuildFile; fileRef = 9F06B98E2C25BF3000335721 /* PokeDexUITestsLaunchTests.swift */; };
		9F06B99D2C25BF6600335721 /* SnapKit in Frameworks */ = {isa = PBXBuildFile; productRef = 9F06B99C2C25BF6600335721 /* SnapKit */; };
		9F06B9A02C25BFDE00335721 /* SDWebImage in Frameworks */ = {isa = PBXBuildFile; productRef = 9F06B99F2C25BFDE00335721 /* SDWebImage */; };
		9F06B9A32C25C01900335721 /* Alamofire in Frameworks */ = {isa = PBXBuildFile; productRef = 9F06B9A22C25C01900335721 /* Alamofire */; };
		9F06B9AB2C25DE8E00335721 /* PokemonModel.swift in Sources */ = {isa = PBXBuildFile; fileRef = 9F06B9AA2C25DE8E00335721 /* PokemonModel.swift */; };
		9F06B9AD2C25E71000335721 /* PokemonAPIClient.swift in Sources */ = {isa = PBXBuildFile; fileRef = 9F06B9AC2C25E71000335721 /* PokemonAPIClient.swift */; };
		9F06B9AF2C26BE5500335721 /* PokemonAPIClientTests.swift in Sources */ = {isa = PBXBuildFile; fileRef = 9F06B9AE2C26BE5500335721 /* PokemonAPIClientTests.swift */; };
		9F34A67F2C2A826000BA9006 /* PokemonListCell.swift in Sources */ = {isa = PBXBuildFile; fileRef = 9F34A67E2C2A826000BA9006 /* PokemonListCell.swift */; };
		9F34A6812C2AC0EB00BA9006 /* PokemonListViewController.swift in Sources */ = {isa = PBXBuildFile; fileRef = 9F34A6802C2AC0EB00BA9006 /* PokemonListViewController.swift */; };
		9F34A6832C2AC57400BA9006 /* PokemonListPresenter.swift in Sources */ = {isa = PBXBuildFile; fileRef = 9F34A6822C2AC57400BA9006 /* PokemonListPresenter.swift */; };
		9F34A6872C2AD37F00BA9006 /* Coordinator.swift in Sources */ = {isa = PBXBuildFile; fileRef = 9F34A6862C2AD37F00BA9006 /* Coordinator.swift */; };
		9F34A6892C2AD4EA00BA9006 /* AppCoordinator.swift in Sources */ = {isa = PBXBuildFile; fileRef = 9F34A6882C2AD4EA00BA9006 /* AppCoordinator.swift */; };
		9F34A68D2C2AD77E00BA9006 /* PokemonListFactory.swift in Sources */ = {isa = PBXBuildFile; fileRef = 9F34A68C2C2AD77E00BA9006 /* PokemonListFactory.swift */; };
		9F34A68F2C2AE1DA00BA9006 /* PokemonDetailPresenter.swift in Sources */ = {isa = PBXBuildFile; fileRef = 9F34A68E2C2AE1DA00BA9006 /* PokemonDetailPresenter.swift */; };
		9F34A6912C2AE37800BA9006 /* PokemonDetailViewController.swift in Sources */ = {isa = PBXBuildFile; fileRef = 9F34A6902C2AE37800BA9006 /* PokemonDetailViewController.swift */; };
		9F34A6932C2AE50700BA9006 /* PokemonDetailFactory.swift in Sources */ = {isa = PBXBuildFile; fileRef = 9F34A6922C2AE50700BA9006 /* PokemonDetailFactory.swift */; };
		9F34A6952C2AE72E00BA9006 /* PokemonDetailCoordinator.swift in Sources */ = {isa = PBXBuildFile; fileRef = 9F34A6942C2AE72E00BA9006 /* PokemonDetailCoordinator.swift */; };
		9F34A6982C2AFF8900BA9006 /* DequeModule in Frameworks */ = {isa = PBXBuildFile; productRef = 9F34A6972C2AFF8900BA9006 /* DequeModule */; };
		9F34A69A2C2C236F00BA9006 /* UIStackView+RemoveAll.swift in Sources */ = {isa = PBXBuildFile; fileRef = 9F34A6992C2C236F00BA9006 /* UIStackView+RemoveAll.swift */; };
		9FACA44C2C27356D004C8DE0 /* CoreDataPokemonEvolutionChain+CoreDataClass.swift in Sources */ = {isa = PBXBuildFile; fileRef = 9FACA4442C27356D004C8DE0 /* CoreDataPokemonEvolutionChain+CoreDataClass.swift */; };
		9FACA44D2C27356D004C8DE0 /* CoreDataPokemonEvolutionChain+CoreDataProperties.swift in Sources */ = {isa = PBXBuildFile; fileRef = 9FACA4452C27356D004C8DE0 /* CoreDataPokemonEvolutionChain+CoreDataProperties.swift */; };
		9FACA44E2C27356D004C8DE0 /* CoreDataPokemonDisplay+CoreDataClass.swift in Sources */ = {isa = PBXBuildFile; fileRef = 9FACA4462C27356D004C8DE0 /* CoreDataPokemonDisplay+CoreDataClass.swift */; };
		9FACA44F2C27356D004C8DE0 /* CoreDataPokemonDisplay+CoreDataProperties.swift in Sources */ = {isa = PBXBuildFile; fileRef = 9FACA4472C27356D004C8DE0 /* CoreDataPokemonDisplay+CoreDataProperties.swift */; };
		9FACA4522C27356D004C8DE0 /* CoreDataPokemonFlavorText+CoreDataClass.swift in Sources */ = {isa = PBXBuildFile; fileRef = 9FACA44A2C27356D004C8DE0 /* CoreDataPokemonFlavorText+CoreDataClass.swift */; };
		9FACA4532C27356D004C8DE0 /* CoreDataPokemonFlavorText+CoreDataProperties.swift in Sources */ = {isa = PBXBuildFile; fileRef = 9FACA44B2C27356D004C8DE0 /* CoreDataPokemonFlavorText+CoreDataProperties.swift */; };
		9FACA4552C27365F004C8DE0 /* CoreDataStack.swift in Sources */ = {isa = PBXBuildFile; fileRef = 9FACA4542C27365F004C8DE0 /* CoreDataStack.swift */; };
		9FACA4572C273740004C8DE0 /* PokemonStoreServiceProtocol.swift in Sources */ = {isa = PBXBuildFile; fileRef = 9FACA4562C273740004C8DE0 /* PokemonStoreServiceProtocol.swift */; };
		9FACA4612C27487D004C8DE0 /* CoreDataPokemonFlavorText+Adapter.swift in Sources */ = {isa = PBXBuildFile; fileRef = 9FACA4602C27487D004C8DE0 /* CoreDataPokemonFlavorText+Adapter.swift */; };
		9FACA4632C274946004C8DE0 /* CoreDataPokemonEvolution+Adapter.swift in Sources */ = {isa = PBXBuildFile; fileRef = 9FACA4622C274946004C8DE0 /* CoreDataPokemonEvolution+Adapter.swift */; };
		9FACA4652C274A16004C8DE0 /* CoreDataPokemonEvolutionChain+Adapter.swift in Sources */ = {isa = PBXBuildFile; fileRef = 9FACA4642C274A16004C8DE0 /* CoreDataPokemonEvolutionChain+Adapter.swift */; };
		9FACA4672C274A7A004C8DE0 /* CoreDataPokemonDisplay+Adapter.swift in Sources */ = {isa = PBXBuildFile; fileRef = 9FACA4662C274A7A004C8DE0 /* CoreDataPokemonDisplay+Adapter.swift */; };
		9FACA4752C281263004C8DE0 /* PokemonCoreDataStoreService.swift in Sources */ = {isa = PBXBuildFile; fileRef = 9FACA4742C281263004C8DE0 /* PokemonCoreDataStoreService.swift */; };
		9FACA4772C282D1C004C8DE0 /* PokemonCoreDataStoreServiceTests.swift in Sources */ = {isa = PBXBuildFile; fileRef = 9FACA4762C282D1C004C8DE0 /* PokemonCoreDataStoreServiceTests.swift */; };
		9FACA47A2C288B22004C8DE0 /* CoreDataPokemonEvolution+CoreDataClass.swift in Sources */ = {isa = PBXBuildFile; fileRef = 9FACA4782C288B22004C8DE0 /* CoreDataPokemonEvolution+CoreDataClass.swift */; };
		9FACA47B2C288B22004C8DE0 /* CoreDataPokemonEvolution+CoreDataProperties.swift in Sources */ = {isa = PBXBuildFile; fileRef = 9FACA4792C288B22004C8DE0 /* CoreDataPokemonEvolution+CoreDataProperties.swift */; };
		9FACA47D2C296124004C8DE0 /* PokemonRepository.swift in Sources */ = {isa = PBXBuildFile; fileRef = 9FACA47C2C296124004C8DE0 /* PokemonRepository.swift */; };
		9FACA47F2C2980E7004C8DE0 /* PokemonRepositoryTests.swift in Sources */ = {isa = PBXBuildFile; fileRef = 9FACA47E2C2980E7004C8DE0 /* PokemonRepositoryTests.swift */; };
		9FE2829A2D028A1C006DCA17 /* PokeDex.xcdatamodeld in Sources */ = {isa = PBXBuildFile; fileRef = 9FE282982D028A1C006DCA17 /* PokeDex.xcdatamodeld */; };
		9FF512CC2C26FF9500D88F26 /* PokemonDisplay.swift in Sources */ = {isa = PBXBuildFile; fileRef = 9FF512CB2C26FF9500D88F26 /* PokemonDisplay.swift */; };
		9FF512D02C27047300D88F26 /* PokemonDisplayAdapter.swift in Sources */ = {isa = PBXBuildFile; fileRef = 9FF512CF2C27047300D88F26 /* PokemonDisplayAdapter.swift */; };
/* End PBXBuildFile section */

/* Begin PBXContainerItemProxy section */
		9F06B97F2C25BF3000335721 /* PBXContainerItemProxy */ = {
			isa = PBXContainerItemProxy;
			containerPortal = 9F06B9602C25BF2F00335721 /* Project object */;
			proxyType = 1;
			remoteGlobalIDString = 9F06B9672C25BF2F00335721;
			remoteInfo = PokeDex;
		};
		9F06B9892C25BF3000335721 /* PBXContainerItemProxy */ = {
			isa = PBXContainerItemProxy;
			containerPortal = 9F06B9602C25BF2F00335721 /* Project object */;
			proxyType = 1;
			remoteGlobalIDString = 9F06B9672C25BF2F00335721;
			remoteInfo = PokeDex;
		};
/* End PBXContainerItemProxy section */

/* Begin PBXFileReference section */
		9F06B9682C25BF2F00335721 /* PokeDex.app */ = {isa = PBXFileReference; explicitFileType = wrapper.application; includeInIndex = 0; path = PokeDex.app; sourceTree = BUILT_PRODUCTS_DIR; };
		9F06B96B2C25BF2F00335721 /* AppDelegate.swift */ = {isa = PBXFileReference; lastKnownFileType = sourcecode.swift; path = AppDelegate.swift; sourceTree = "<group>"; };
		9F06B96D2C25BF2F00335721 /* SceneDelegate.swift */ = {isa = PBXFileReference; lastKnownFileType = sourcecode.swift; path = SceneDelegate.swift; sourceTree = "<group>"; };
		9F06B9742C25BF3000335721 /* Assets.xcassets */ = {isa = PBXFileReference; lastKnownFileType = folder.assetcatalog; path = Assets.xcassets; sourceTree = "<group>"; };
		9F06B9772C25BF3000335721 /* Base */ = {isa = PBXFileReference; lastKnownFileType = file.storyboard; name = Base; path = Base.lproj/LaunchScreen.storyboard; sourceTree = "<group>"; };
		9F06B9792C25BF3000335721 /* Info.plist */ = {isa = PBXFileReference; lastKnownFileType = text.plist.xml; path = Info.plist; sourceTree = "<group>"; };
		9F06B97E2C25BF3000335721 /* PokeDexTests.xctest */ = {isa = PBXFileReference; explicitFileType = wrapper.cfbundle; includeInIndex = 0; path = PokeDexTests.xctest; sourceTree = BUILT_PRODUCTS_DIR; };
		9F06B9822C25BF3000335721 /* PokeDexTests.swift */ = {isa = PBXFileReference; lastKnownFileType = sourcecode.swift; path = PokeDexTests.swift; sourceTree = "<group>"; };
		9F06B9882C25BF3000335721 /* PokeDexUITests.xctest */ = {isa = PBXFileReference; explicitFileType = wrapper.cfbundle; includeInIndex = 0; path = PokeDexUITests.xctest; sourceTree = BUILT_PRODUCTS_DIR; };
		9F06B98C2C25BF3000335721 /* PokeDexUITests.swift */ = {isa = PBXFileReference; lastKnownFileType = sourcecode.swift; path = PokeDexUITests.swift; sourceTree = "<group>"; };
		9F06B98E2C25BF3000335721 /* PokeDexUITestsLaunchTests.swift */ = {isa = PBXFileReference; lastKnownFileType = sourcecode.swift; path = PokeDexUITestsLaunchTests.swift; sourceTree = "<group>"; };
		9F06B9AA2C25DE8E00335721 /* PokemonModel.swift */ = {isa = PBXFileReference; lastKnownFileType = sourcecode.swift; path = PokemonModel.swift; sourceTree = "<group>"; };
		9F06B9AC2C25E71000335721 /* PokemonAPIClient.swift */ = {isa = PBXFileReference; lastKnownFileType = sourcecode.swift; path = PokemonAPIClient.swift; sourceTree = "<group>"; };
		9F06B9AE2C26BE5500335721 /* PokemonAPIClientTests.swift */ = {isa = PBXFileReference; lastKnownFileType = sourcecode.swift; path = PokemonAPIClientTests.swift; sourceTree = "<group>"; };
		9F34A67E2C2A826000BA9006 /* PokemonListCell.swift */ = {isa = PBXFileReference; lastKnownFileType = sourcecode.swift; path = PokemonListCell.swift; sourceTree = "<group>"; };
		9F34A6802C2AC0EB00BA9006 /* PokemonListViewController.swift */ = {isa = PBXFileReference; lastKnownFileType = sourcecode.swift; path = PokemonListViewController.swift; sourceTree = "<group>"; };
		9F34A6822C2AC57400BA9006 /* PokemonListPresenter.swift */ = {isa = PBXFileReference; lastKnownFileType = sourcecode.swift; path = PokemonListPresenter.swift; sourceTree = "<group>"; };
		9F34A6862C2AD37F00BA9006 /* Coordinator.swift */ = {isa = PBXFileReference; lastKnownFileType = sourcecode.swift; path = Coordinator.swift; sourceTree = "<group>"; };
		9F34A6882C2AD4EA00BA9006 /* AppCoordinator.swift */ = {isa = PBXFileReference; lastKnownFileType = sourcecode.swift; path = AppCoordinator.swift; sourceTree = "<group>"; };
		9F34A68C2C2AD77E00BA9006 /* PokemonListFactory.swift */ = {isa = PBXFileReference; lastKnownFileType = sourcecode.swift; path = PokemonListFactory.swift; sourceTree = "<group>"; };
		9F34A68E2C2AE1DA00BA9006 /* PokemonDetailPresenter.swift */ = {isa = PBXFileReference; lastKnownFileType = sourcecode.swift; path = PokemonDetailPresenter.swift; sourceTree = "<group>"; };
		9F34A6902C2AE37800BA9006 /* PokemonDetailViewController.swift */ = {isa = PBXFileReference; lastKnownFileType = sourcecode.swift; path = PokemonDetailViewController.swift; sourceTree = "<group>"; };
		9F34A6922C2AE50700BA9006 /* PokemonDetailFactory.swift */ = {isa = PBXFileReference; lastKnownFileType = sourcecode.swift; path = PokemonDetailFactory.swift; sourceTree = "<group>"; };
		9F34A6942C2AE72E00BA9006 /* PokemonDetailCoordinator.swift */ = {isa = PBXFileReference; lastKnownFileType = sourcecode.swift; path = PokemonDetailCoordinator.swift; sourceTree = "<group>"; };
		9F34A6992C2C236F00BA9006 /* UIStackView+RemoveAll.swift */ = {isa = PBXFileReference; lastKnownFileType = sourcecode.swift; path = "UIStackView+RemoveAll.swift"; sourceTree = "<group>"; };
		9FACA4442C27356D004C8DE0 /* CoreDataPokemonEvolutionChain+CoreDataClass.swift */ = {isa = PBXFileReference; lastKnownFileType = sourcecode.swift; path = "CoreDataPokemonEvolutionChain+CoreDataClass.swift"; sourceTree = "<group>"; };
		9FACA4452C27356D004C8DE0 /* CoreDataPokemonEvolutionChain+CoreDataProperties.swift */ = {isa = PBXFileReference; lastKnownFileType = sourcecode.swift; path = "CoreDataPokemonEvolutionChain+CoreDataProperties.swift"; sourceTree = "<group>"; };
		9FACA4462C27356D004C8DE0 /* CoreDataPokemonDisplay+CoreDataClass.swift */ = {isa = PBXFileReference; lastKnownFileType = sourcecode.swift; path = "CoreDataPokemonDisplay+CoreDataClass.swift"; sourceTree = "<group>"; };
		9FACA4472C27356D004C8DE0 /* CoreDataPokemonDisplay+CoreDataProperties.swift */ = {isa = PBXFileReference; lastKnownFileType = sourcecode.swift; path = "CoreDataPokemonDisplay+CoreDataProperties.swift"; sourceTree = "<group>"; };
		9FACA44A2C27356D004C8DE0 /* CoreDataPokemonFlavorText+CoreDataClass.swift */ = {isa = PBXFileReference; lastKnownFileType = sourcecode.swift; path = "CoreDataPokemonFlavorText+CoreDataClass.swift"; sourceTree = "<group>"; };
		9FACA44B2C27356D004C8DE0 /* CoreDataPokemonFlavorText+CoreDataProperties.swift */ = {isa = PBXFileReference; lastKnownFileType = sourcecode.swift; path = "CoreDataPokemonFlavorText+CoreDataProperties.swift"; sourceTree = "<group>"; };
		9FACA4542C27365F004C8DE0 /* CoreDataStack.swift */ = {isa = PBXFileReference; lastKnownFileType = sourcecode.swift; path = CoreDataStack.swift; sourceTree = "<group>"; };
		9FACA4562C273740004C8DE0 /* PokemonStoreServiceProtocol.swift */ = {isa = PBXFileReference; lastKnownFileType = sourcecode.swift; path = PokemonStoreServiceProtocol.swift; sourceTree = "<group>"; };
		9FACA4602C27487D004C8DE0 /* CoreDataPokemonFlavorText+Adapter.swift */ = {isa = PBXFileReference; lastKnownFileType = sourcecode.swift; path = "CoreDataPokemonFlavorText+Adapter.swift"; sourceTree = "<group>"; };
		9FACA4622C274946004C8DE0 /* CoreDataPokemonEvolution+Adapter.swift */ = {isa = PBXFileReference; lastKnownFileType = sourcecode.swift; path = "CoreDataPokemonEvolution+Adapter.swift"; sourceTree = "<group>"; };
		9FACA4642C274A16004C8DE0 /* CoreDataPokemonEvolutionChain+Adapter.swift */ = {isa = PBXFileReference; lastKnownFileType = sourcecode.swift; path = "CoreDataPokemonEvolutionChain+Adapter.swift"; sourceTree = "<group>"; };
		9FACA4662C274A7A004C8DE0 /* CoreDataPokemonDisplay+Adapter.swift */ = {isa = PBXFileReference; lastKnownFileType = sourcecode.swift; path = "CoreDataPokemonDisplay+Adapter.swift"; sourceTree = "<group>"; };
		9FACA4742C281263004C8DE0 /* PokemonCoreDataStoreService.swift */ = {isa = PBXFileReference; lastKnownFileType = sourcecode.swift; path = PokemonCoreDataStoreService.swift; sourceTree = "<group>"; };
		9FACA4762C282D1C004C8DE0 /* PokemonCoreDataStoreServiceTests.swift */ = {isa = PBXFileReference; lastKnownFileType = sourcecode.swift; path = PokemonCoreDataStoreServiceTests.swift; sourceTree = "<group>"; };
		9FACA4782C288B22004C8DE0 /* CoreDataPokemonEvolution+CoreDataClass.swift */ = {isa = PBXFileReference; lastKnownFileType = sourcecode.swift; path = "CoreDataPokemonEvolution+CoreDataClass.swift"; sourceTree = "<group>"; };
		9FACA4792C288B22004C8DE0 /* CoreDataPokemonEvolution+CoreDataProperties.swift */ = {isa = PBXFileReference; lastKnownFileType = sourcecode.swift; path = "CoreDataPokemonEvolution+CoreDataProperties.swift"; sourceTree = "<group>"; };
		9FACA47C2C296124004C8DE0 /* PokemonRepository.swift */ = {isa = PBXFileReference; lastKnownFileType = sourcecode.swift; path = PokemonRepository.swift; sourceTree = "<group>"; };
		9FACA47E2C2980E7004C8DE0 /* PokemonRepositoryTests.swift */ = {isa = PBXFileReference; lastKnownFileType = sourcecode.swift; path = PokemonRepositoryTests.swift; sourceTree = "<group>"; };
		9FE282992D028A1C006DCA17 /* PokeDex.xcdatamodel */ = {isa = PBXFileReference; lastKnownFileType = wrapper.xcdatamodel; path = PokeDex.xcdatamodel; sourceTree = "<group>"; };
		9FF512CB2C26FF9500D88F26 /* PokemonDisplay.swift */ = {isa = PBXFileReference; lastKnownFileType = sourcecode.swift; path = PokemonDisplay.swift; sourceTree = "<group>"; };
		9FF512CF2C27047300D88F26 /* PokemonDisplayAdapter.swift */ = {isa = PBXFileReference; lastKnownFileType = sourcecode.swift; path = PokemonDisplayAdapter.swift; sourceTree = "<group>"; };
/* End PBXFileReference section */

/* Begin PBXFrameworksBuildPhase section */
		9F06B9652C25BF2F00335721 /* Frameworks */ = {
			isa = PBXFrameworksBuildPhase;
			buildActionMask = 2147483647;
			files = (
				9F06B9A32C25C01900335721 /* Alamofire in Frameworks */,
				9F34A6982C2AFF8900BA9006 /* DequeModule in Frameworks */,
				9F06B9A02C25BFDE00335721 /* SDWebImage in Frameworks */,
				9F06B99D2C25BF6600335721 /* SnapKit in Frameworks */,
			);
			runOnlyForDeploymentPostprocessing = 0;
		};
		9F06B97B2C25BF3000335721 /* Frameworks */ = {
			isa = PBXFrameworksBuildPhase;
			buildActionMask = 2147483647;
			files = (
			);
			runOnlyForDeploymentPostprocessing = 0;
		};
		9F06B9852C25BF3000335721 /* Frameworks */ = {
			isa = PBXFrameworksBuildPhase;
			buildActionMask = 2147483647;
			files = (
			);
			runOnlyForDeploymentPostprocessing = 0;
		};
/* End PBXFrameworksBuildPhase section */

/* Begin PBXGroup section */
		9F06B95F2C25BF2F00335721 = {
			isa = PBXGroup;
			children = (
				9F06B96A2C25BF2F00335721 /* PokeDex */,
				9F06B9812C25BF3000335721 /* PokeDexTests */,
				9F06B98B2C25BF3000335721 /* PokeDexUITests */,
				9F06B9692C25BF2F00335721 /* Products */,
			);
			sourceTree = "<group>";
		};
		9F06B9692C25BF2F00335721 /* Products */ = {
			isa = PBXGroup;
			children = (
				9F06B9682C25BF2F00335721 /* PokeDex.app */,
				9F06B97E2C25BF3000335721 /* PokeDexTests.xctest */,
				9F06B9882C25BF3000335721 /* PokeDexUITests.xctest */,
			);
			name = Products;
			sourceTree = "<group>";
		};
		9F06B96A2C25BF2F00335721 /* PokeDex */ = {
			isa = PBXGroup;
			children = (
				9FACA4732C28104B004C8DE0 /* Model */,
				9F34A69E2C2C513B00BA9006 /* Repository */,
				9F34A69B2C2C50FA00BA9006 /* Coordinator */,
				9F34A69C2C2C511200BA9006 /* PokemonList */,
				9F34A69D2C2C511F00BA9006 /* PokemonDetail */,
				9F34A69F2C2C517800BA9006 /* View */,
				9F34A6A12C2C51C800BA9006 /* Extension */,
				9F06B96B2C25BF2F00335721 /* AppDelegate.swift */,
				9F06B96D2C25BF2F00335721 /* SceneDelegate.swift */,
				9FE282982D028A1C006DCA17 /* PokeDex.xcdatamodeld */,
				9F06B9742C25BF3000335721 /* Assets.xcassets */,
				9F06B9762C25BF3000335721 /* LaunchScreen.storyboard */,
				9F06B9792C25BF3000335721 /* Info.plist */,
			);
			path = PokeDex;
			sourceTree = "<group>";
		};
		9F06B9812C25BF3000335721 /* PokeDexTests */ = {
			isa = PBXGroup;
			children = (
				9F06B9822C25BF3000335721 /* PokeDexTests.swift */,
				9F06B9AE2C26BE5500335721 /* PokemonAPIClientTests.swift */,
				9FACA4762C282D1C004C8DE0 /* PokemonCoreDataStoreServiceTests.swift */,
				9FACA47E2C2980E7004C8DE0 /* PokemonRepositoryTests.swift */,
			);
			path = PokeDexTests;
			sourceTree = "<group>";
		};
		9F06B98B2C25BF3000335721 /* PokeDexUITests */ = {
			isa = PBXGroup;
			children = (
				9F06B98C2C25BF3000335721 /* PokeDexUITests.swift */,
				9F06B98E2C25BF3000335721 /* PokeDexUITestsLaunchTests.swift */,
			);
			path = PokeDexUITests;
			sourceTree = "<group>";
		};
		9F34A69B2C2C50FA00BA9006 /* Coordinator */ = {
			isa = PBXGroup;
			children = (
				9F34A6862C2AD37F00BA9006 /* Coordinator.swift */,
				9F34A6882C2AD4EA00BA9006 /* AppCoordinator.swift */,
				9F34A6942C2AE72E00BA9006 /* PokemonDetailCoordinator.swift */,
			);
			path = Coordinator;
			sourceTree = "<group>";
		};
		9F34A69C2C2C511200BA9006 /* PokemonList */ = {
			isa = PBXGroup;
			children = (
				9F34A68C2C2AD77E00BA9006 /* PokemonListFactory.swift */,
				9F34A6822C2AC57400BA9006 /* PokemonListPresenter.swift */,
				9F34A6802C2AC0EB00BA9006 /* PokemonListViewController.swift */,
			);
			path = PokemonList;
			sourceTree = "<group>";
		};
		9F34A69D2C2C511F00BA9006 /* PokemonDetail */ = {
			isa = PBXGroup;
			children = (
				9F34A6922C2AE50700BA9006 /* PokemonDetailFactory.swift */,
				9F34A68E2C2AE1DA00BA9006 /* PokemonDetailPresenter.swift */,
				9F34A6902C2AE37800BA9006 /* PokemonDetailViewController.swift */,
			);
			path = PokemonDetail;
			sourceTree = "<group>";
		};
		9F34A69E2C2C513B00BA9006 /* Repository */ = {
			isa = PBXGroup;
			children = (
				9FACA4712C280F89004C8DE0 /* Store */,
				9F34A6A02C2C51B400BA9006 /* APIClient */,
				9FACA47C2C296124004C8DE0 /* PokemonRepository.swift */,
			);
			path = Repository;
			sourceTree = "<group>";
		};
		9F34A69F2C2C517800BA9006 /* View */ = {
			isa = PBXGroup;
			children = (
				9F34A67E2C2A826000BA9006 /* PokemonListCell.swift */,
			);
			path = View;
			sourceTree = "<group>";
		};
		9F34A6A02C2C51B400BA9006 /* APIClient */ = {
			isa = PBXGroup;
			children = (
				9F06B9AC2C25E71000335721 /* PokemonAPIClient.swift */,
			);
			path = APIClient;
			sourceTree = "<group>";
		};
		9F34A6A12C2C51C800BA9006 /* Extension */ = {
			isa = PBXGroup;
			children = (
				9F34A6992C2C236F00BA9006 /* UIStackView+RemoveAll.swift */,
			);
			path = Extension;
			sourceTree = "<group>";
		};
		9FACA46C2C280EB1004C8DE0 /* CoreDataModel */ = {
			isa = PBXGroup;
			children = (
				9FACA46F2C280F05004C8DE0 /* CoreDataPokemonDisplay */,
				9FACA46E2C280EF2004C8DE0 /* CoreDataPokemonEvolutionChain */,
				9FACA46D2C280EDA004C8DE0 /* CoreDataPokemonEvolution */,
				9FACA4702C280F14004C8DE0 /* CoreDataPokemonFlavorText */,
			);
			path = CoreDataModel;
			sourceTree = "<group>";
		};
		9FACA46D2C280EDA004C8DE0 /* CoreDataPokemonEvolution */ = {
			isa = PBXGroup;
			children = (
				9FACA4782C288B22004C8DE0 /* CoreDataPokemonEvolution+CoreDataClass.swift */,
				9FACA4792C288B22004C8DE0 /* CoreDataPokemonEvolution+CoreDataProperties.swift */,
				9FACA4622C274946004C8DE0 /* CoreDataPokemonEvolution+Adapter.swift */,
			);
			path = CoreDataPokemonEvolution;
			sourceTree = "<group>";
		};
		9FACA46E2C280EF2004C8DE0 /* CoreDataPokemonEvolutionChain */ = {
			isa = PBXGroup;
			children = (
				9FACA4442C27356D004C8DE0 /* CoreDataPokemonEvolutionChain+CoreDataClass.swift */,
				9FACA4452C27356D004C8DE0 /* CoreDataPokemonEvolutionChain+CoreDataProperties.swift */,
				9FACA4642C274A16004C8DE0 /* CoreDataPokemonEvolutionChain+Adapter.swift */,
			);
			path = CoreDataPokemonEvolutionChain;
			sourceTree = "<group>";
		};
		9FACA46F2C280F05004C8DE0 /* CoreDataPokemonDisplay */ = {
			isa = PBXGroup;
			children = (
				9FACA4462C27356D004C8DE0 /* CoreDataPokemonDisplay+CoreDataClass.swift */,
				9FACA4472C27356D004C8DE0 /* CoreDataPokemonDisplay+CoreDataProperties.swift */,
				9FACA4662C274A7A004C8DE0 /* CoreDataPokemonDisplay+Adapter.swift */,
			);
			path = CoreDataPokemonDisplay;
			sourceTree = "<group>";
		};
		9FACA4702C280F14004C8DE0 /* CoreDataPokemonFlavorText */ = {
			isa = PBXGroup;
			children = (
				9FACA44A2C27356D004C8DE0 /* CoreDataPokemonFlavorText+CoreDataClass.swift */,
				9FACA44B2C27356D004C8DE0 /* CoreDataPokemonFlavorText+CoreDataProperties.swift */,
				9FACA4602C27487D004C8DE0 /* CoreDataPokemonFlavorText+Adapter.swift */,
			);
			path = CoreDataPokemonFlavorText;
			sourceTree = "<group>";
		};
		9FACA4712C280F89004C8DE0 /* Store */ = {
			isa = PBXGroup;
			children = (
				9FACA4722C280FAC004C8DE0 /* CoreData */,
				9FACA4562C273740004C8DE0 /* PokemonStoreServiceProtocol.swift */,
			);
			path = Store;
			sourceTree = "<group>";
		};
		9FACA4722C280FAC004C8DE0 /* CoreData */ = {
			isa = PBXGroup;
			children = (
				9FACA46C2C280EB1004C8DE0 /* CoreDataModel */,
				9FACA4542C27365F004C8DE0 /* CoreDataStack.swift */,
				9FACA4742C281263004C8DE0 /* PokemonCoreDataStoreService.swift */,
			);
			path = CoreData;
			sourceTree = "<group>";
		};
		9FACA4732C28104B004C8DE0 /* Model */ = {
			isa = PBXGroup;
			children = (
				9F06B9AA2C25DE8E00335721 /* PokemonModel.swift */,
				9FF512CB2C26FF9500D88F26 /* PokemonDisplay.swift */,
				9FF512CF2C27047300D88F26 /* PokemonDisplayAdapter.swift */,
			);
			path = Model;
			sourceTree = "<group>";
		};
/* End PBXGroup section */

/* Begin PBXNativeTarget section */
		9F06B9672C25BF2F00335721 /* PokeDex */ = {
			isa = PBXNativeTarget;
			buildConfigurationList = 9F06B9922C25BF3000335721 /* Build configuration list for PBXNativeTarget "PokeDex" */;
			buildPhases = (
				9F06B9642C25BF2F00335721 /* Sources */,
				9F06B9652C25BF2F00335721 /* Frameworks */,
				9F06B9662C25BF2F00335721 /* Resources */,
			);
			buildRules = (
			);
			dependencies = (
			);
			name = PokeDex;
			packageProductDependencies = (
				9F06B99C2C25BF6600335721 /* SnapKit */,
				9F06B99F2C25BFDE00335721 /* SDWebImage */,
				9F06B9A22C25C01900335721 /* Alamofire */,
				9F34A6972C2AFF8900BA9006 /* DequeModule */,
			);
			productName = PokeDex;
			productReference = 9F06B9682C25BF2F00335721 /* PokeDex.app */;
			productType = "com.apple.product-type.application";
		};
		9F06B97D2C25BF3000335721 /* PokeDexTests */ = {
			isa = PBXNativeTarget;
			buildConfigurationList = 9F06B9952C25BF3000335721 /* Build configuration list for PBXNativeTarget "PokeDexTests" */;
			buildPhases = (
				9F06B97A2C25BF3000335721 /* Sources */,
				9F06B97B2C25BF3000335721 /* Frameworks */,
				9F06B97C2C25BF3000335721 /* Resources */,
			);
			buildRules = (
			);
			dependencies = (
				9F06B9802C25BF3000335721 /* PBXTargetDependency */,
			);
			name = PokeDexTests;
			productName = PokeDexTests;
			productReference = 9F06B97E2C25BF3000335721 /* PokeDexTests.xctest */;
			productType = "com.apple.product-type.bundle.unit-test";
		};
		9F06B9872C25BF3000335721 /* PokeDexUITests */ = {
			isa = PBXNativeTarget;
			buildConfigurationList = 9F06B9982C25BF3000335721 /* Build configuration list for PBXNativeTarget "PokeDexUITests" */;
			buildPhases = (
				9F06B9842C25BF3000335721 /* Sources */,
				9F06B9852C25BF3000335721 /* Frameworks */,
				9F06B9862C25BF3000335721 /* Resources */,
			);
			buildRules = (
			);
			dependencies = (
				9F06B98A2C25BF3000335721 /* PBXTargetDependency */,
			);
			name = PokeDexUITests;
			productName = PokeDexUITests;
			productReference = 9F06B9882C25BF3000335721 /* PokeDexUITests.xctest */;
			productType = "com.apple.product-type.bundle.ui-testing";
		};
/* End PBXNativeTarget section */

/* Begin PBXProject section */
		9F06B9602C25BF2F00335721 /* Project object */ = {
			isa = PBXProject;
			attributes = {
				BuildIndependentTargetsInParallel = 1;
				LastSwiftUpdateCheck = 1530;
				LastUpgradeCheck = 1530;
				TargetAttributes = {
					9F06B9672C25BF2F00335721 = {
						CreatedOnToolsVersion = 15.3;
					};
					9F06B97D2C25BF3000335721 = {
						CreatedOnToolsVersion = 15.3;
						TestTargetID = 9F06B9672C25BF2F00335721;
					};
					9F06B9872C25BF3000335721 = {
						CreatedOnToolsVersion = 15.3;
						TestTargetID = 9F06B9672C25BF2F00335721;
					};
				};
			};
			buildConfigurationList = 9F06B9632C25BF2F00335721 /* Build configuration list for PBXProject "PokeDex" */;
			compatibilityVersion = "Xcode 14.0";
			developmentRegion = en;
			hasScannedForEncodings = 0;
			knownRegions = (
				en,
				Base,
			);
			mainGroup = 9F06B95F2C25BF2F00335721;
			packageReferences = (
				9F06B99B2C25BF6600335721 /* XCRemoteSwiftPackageReference "SnapKit" */,
				9F06B99E2C25BFDE00335721 /* XCRemoteSwiftPackageReference "SDWebImage" */,
				9F06B9A12C25C01900335721 /* XCRemoteSwiftPackageReference "Alamofire" */,
				9F34A6962C2AFF8900BA9006 /* XCRemoteSwiftPackageReference "swift-collections" */,
			);
			productRefGroup = 9F06B9692C25BF2F00335721 /* Products */;
			projectDirPath = "";
			projectRoot = "";
			targets = (
				9F06B9672C25BF2F00335721 /* PokeDex */,
				9F06B97D2C25BF3000335721 /* PokeDexTests */,
				9F06B9872C25BF3000335721 /* PokeDexUITests */,
			);
		};
/* End PBXProject section */

/* Begin PBXResourcesBuildPhase section */
		9F06B9662C25BF2F00335721 /* Resources */ = {
			isa = PBXResourcesBuildPhase;
			buildActionMask = 2147483647;
			files = (
				9F06B9752C25BF3000335721 /* Assets.xcassets in Resources */,
				9F06B9782C25BF3000335721 /* Base in Resources */,
			);
			runOnlyForDeploymentPostprocessing = 0;
		};
		9F06B97C2C25BF3000335721 /* Resources */ = {
			isa = PBXResourcesBuildPhase;
			buildActionMask = 2147483647;
			files = (
			);
			runOnlyForDeploymentPostprocessing = 0;
		};
		9F06B9862C25BF3000335721 /* Resources */ = {
			isa = PBXResourcesBuildPhase;
			buildActionMask = 2147483647;
			files = (
			);
			runOnlyForDeploymentPostprocessing = 0;
		};
/* End PBXResourcesBuildPhase section */

/* Begin PBXSourcesBuildPhase section */
		9F06B9642C25BF2F00335721 /* Sources */ = {
			isa = PBXSourcesBuildPhase;
			buildActionMask = 2147483647;
			files = (
				9F06B9AD2C25E71000335721 /* PokemonAPIClient.swift in Sources */,
				9FF512CC2C26FF9500D88F26 /* PokemonDisplay.swift in Sources */,
				9F06B96C2C25BF2F00335721 /* AppDelegate.swift in Sources */,
				9FACA4612C27487D004C8DE0 /* CoreDataPokemonFlavorText+Adapter.swift in Sources */,
				9FE2829A2D028A1C006DCA17 /* PokeDex.xcdatamodeld in Sources */,
				9F34A6832C2AC57400BA9006 /* PokemonListPresenter.swift in Sources */,
				9F34A6812C2AC0EB00BA9006 /* PokemonListViewController.swift in Sources */,
				9FACA4632C274946004C8DE0 /* CoreDataPokemonEvolution+Adapter.swift in Sources */,
				9F34A6872C2AD37F00BA9006 /* Coordinator.swift in Sources */,
				9F06B9AB2C25DE8E00335721 /* PokemonModel.swift in Sources */,
				9F34A6952C2AE72E00BA9006 /* PokemonDetailCoordinator.swift in Sources */,
				9FACA44C2C27356D004C8DE0 /* CoreDataPokemonEvolutionChain+CoreDataClass.swift in Sources */,
				9F34A68F2C2AE1DA00BA9006 /* PokemonDetailPresenter.swift in Sources */,
				9FACA44D2C27356D004C8DE0 /* CoreDataPokemonEvolutionChain+CoreDataProperties.swift in Sources */,
				9FACA44E2C27356D004C8DE0 /* CoreDataPokemonDisplay+CoreDataClass.swift in Sources */,
				9FACA44F2C27356D004C8DE0 /* CoreDataPokemonDisplay+CoreDataProperties.swift in Sources */,
				9FACA4672C274A7A004C8DE0 /* CoreDataPokemonDisplay+Adapter.swift in Sources */,
				9FACA4652C274A16004C8DE0 /* CoreDataPokemonEvolutionChain+Adapter.swift in Sources */,
				9FACA4752C281263004C8DE0 /* PokemonCoreDataStoreService.swift in Sources */,
				9FACA4552C27365F004C8DE0 /* CoreDataStack.swift in Sources */,
				9FACA4522C27356D004C8DE0 /* CoreDataPokemonFlavorText+CoreDataClass.swift in Sources */,
				9FACA4532C27356D004C8DE0 /* CoreDataPokemonFlavorText+CoreDataProperties.swift in Sources */,
				9F34A6892C2AD4EA00BA9006 /* AppCoordinator.swift in Sources */,
				9FACA47A2C288B22004C8DE0 /* CoreDataPokemonEvolution+CoreDataClass.swift in Sources */,
				9FACA47B2C288B22004C8DE0 /* CoreDataPokemonEvolution+CoreDataProperties.swift in Sources */,
				9F34A6912C2AE37800BA9006 /* PokemonDetailViewController.swift in Sources */,
				9F34A6932C2AE50700BA9006 /* PokemonDetailFactory.swift in Sources */,
				9FACA4572C273740004C8DE0 /* PokemonStoreServiceProtocol.swift in Sources */,
				9F34A67F2C2A826000BA9006 /* PokemonListCell.swift in Sources */,
				9F34A68D2C2AD77E00BA9006 /* PokemonListFactory.swift in Sources */,
				9FACA47D2C296124004C8DE0 /* PokemonRepository.swift in Sources */,
				9F34A69A2C2C236F00BA9006 /* UIStackView+RemoveAll.swift in Sources */,
				9FF512D02C27047300D88F26 /* PokemonDisplayAdapter.swift in Sources */,
				9F06B96E2C25BF2F00335721 /* SceneDelegate.swift in Sources */,
			);
			runOnlyForDeploymentPostprocessing = 0;
		};
		9F06B97A2C25BF3000335721 /* Sources */ = {
			isa = PBXSourcesBuildPhase;
			buildActionMask = 2147483647;
			files = (
				9F06B9832C25BF3000335721 /* PokeDexTests.swift in Sources */,
				9FACA4772C282D1C004C8DE0 /* PokemonCoreDataStoreServiceTests.swift in Sources */,
				9F06B9AF2C26BE5500335721 /* PokemonAPIClientTests.swift in Sources */,
				9FACA47F2C2980E7004C8DE0 /* PokemonRepositoryTests.swift in Sources */,
			);
			runOnlyForDeploymentPostprocessing = 0;
		};
		9F06B9842C25BF3000335721 /* Sources */ = {
			isa = PBXSourcesBuildPhase;
			buildActionMask = 2147483647;
			files = (
				9F06B98D2C25BF3000335721 /* PokeDexUITests.swift in Sources */,
				9F06B98F2C25BF3000335721 /* PokeDexUITestsLaunchTests.swift in Sources */,
			);
			runOnlyForDeploymentPostprocessing = 0;
		};
/* End PBXSourcesBuildPhase section */

/* Begin PBXTargetDependency section */
		9F06B9802C25BF3000335721 /* PBXTargetDependency */ = {
			isa = PBXTargetDependency;
			target = 9F06B9672C25BF2F00335721 /* PokeDex */;
			targetProxy = 9F06B97F2C25BF3000335721 /* PBXContainerItemProxy */;
		};
		9F06B98A2C25BF3000335721 /* PBXTargetDependency */ = {
			isa = PBXTargetDependency;
			target = 9F06B9672C25BF2F00335721 /* PokeDex */;
			targetProxy = 9F06B9892C25BF3000335721 /* PBXContainerItemProxy */;
		};
/* End PBXTargetDependency section */

/* Begin PBXVariantGroup section */
		9F06B9762C25BF3000335721 /* LaunchScreen.storyboard */ = {
			isa = PBXVariantGroup;
			children = (
				9F06B9772C25BF3000335721 /* Base */,
			);
			name = LaunchScreen.storyboard;
			sourceTree = "<group>";
		};
/* End PBXVariantGroup section */

/* Begin XCBuildConfiguration section */
		9F06B9902C25BF3000335721 /* Debug */ = {
			isa = XCBuildConfiguration;
			buildSettings = {
				ALWAYS_SEARCH_USER_PATHS = NO;
				ASSETCATALOG_COMPILER_GENERATE_SWIFT_ASSET_SYMBOL_EXTENSIONS = YES;
				CLANG_ANALYZER_NONNULL = YES;
				CLANG_ANALYZER_NUMBER_OBJECT_CONVERSION = YES_AGGRESSIVE;
				CLANG_CXX_LANGUAGE_STANDARD = "gnu++20";
				CLANG_ENABLE_MODULES = YES;
				CLANG_ENABLE_OBJC_ARC = YES;
				CLANG_ENABLE_OBJC_WEAK = YES;
				CLANG_WARN_BLOCK_CAPTURE_AUTORELEASING = YES;
				CLANG_WARN_BOOL_CONVERSION = YES;
				CLANG_WARN_COMMA = YES;
				CLANG_WARN_CONSTANT_CONVERSION = YES;
				CLANG_WARN_DEPRECATED_OBJC_IMPLEMENTATIONS = YES;
				CLANG_WARN_DIRECT_OBJC_ISA_USAGE = YES_ERROR;
				CLANG_WARN_DOCUMENTATION_COMMENTS = YES;
				CLANG_WARN_EMPTY_BODY = YES;
				CLANG_WARN_ENUM_CONVERSION = YES;
				CLANG_WARN_INFINITE_RECURSION = YES;
				CLANG_WARN_INT_CONVERSION = YES;
				CLANG_WARN_NON_LITERAL_NULL_CONVERSION = YES;
				CLANG_WARN_OBJC_IMPLICIT_RETAIN_SELF = YES;
				CLANG_WARN_OBJC_LITERAL_CONVERSION = YES;
				CLANG_WARN_OBJC_ROOT_CLASS = YES_ERROR;
				CLANG_WARN_QUOTED_INCLUDE_IN_FRAMEWORK_HEADER = YES;
				CLANG_WARN_RANGE_LOOP_ANALYSIS = YES;
				CLANG_WARN_STRICT_PROTOTYPES = YES;
				CLANG_WARN_SUSPICIOUS_MOVE = YES;
				CLANG_WARN_UNGUARDED_AVAILABILITY = YES_AGGRESSIVE;
				CLANG_WARN_UNREACHABLE_CODE = YES;
				CLANG_WARN__DUPLICATE_METHOD_MATCH = YES;
				COPY_PHASE_STRIP = NO;
				DEBUG_INFORMATION_FORMAT = dwarf;
				ENABLE_STRICT_OBJC_MSGSEND = YES;
				ENABLE_TESTABILITY = YES;
				ENABLE_USER_SCRIPT_SANDBOXING = YES;
				GCC_C_LANGUAGE_STANDARD = gnu17;
				GCC_DYNAMIC_NO_PIC = NO;
				GCC_NO_COMMON_BLOCKS = YES;
				GCC_OPTIMIZATION_LEVEL = 0;
				GCC_PREPROCESSOR_DEFINITIONS = (
					"DEBUG=1",
					"$(inherited)",
				);
				GCC_WARN_64_TO_32_BIT_CONVERSION = YES;
				GCC_WARN_ABOUT_RETURN_TYPE = YES_ERROR;
				GCC_WARN_UNDECLARED_SELECTOR = YES;
				GCC_WARN_UNINITIALIZED_AUTOS = YES_AGGRESSIVE;
				GCC_WARN_UNUSED_FUNCTION = YES;
				GCC_WARN_UNUSED_VARIABLE = YES;
				IPHONEOS_DEPLOYMENT_TARGET = 17.4;
				LOCALIZATION_PREFERS_STRING_CATALOGS = YES;
				MTL_ENABLE_DEBUG_INFO = INCLUDE_SOURCE;
				MTL_FAST_MATH = YES;
				ONLY_ACTIVE_ARCH = YES;
				SDKROOT = iphoneos;
				SWIFT_ACTIVE_COMPILATION_CONDITIONS = "DEBUG $(inherited)";
				SWIFT_OPTIMIZATION_LEVEL = "-Onone";
			};
			name = Debug;
		};
		9F06B9912C25BF3000335721 /* Release */ = {
			isa = XCBuildConfiguration;
			buildSettings = {
				ALWAYS_SEARCH_USER_PATHS = NO;
				ASSETCATALOG_COMPILER_GENERATE_SWIFT_ASSET_SYMBOL_EXTENSIONS = YES;
				CLANG_ANALYZER_NONNULL = YES;
				CLANG_ANALYZER_NUMBER_OBJECT_CONVERSION = YES_AGGRESSIVE;
				CLANG_CXX_LANGUAGE_STANDARD = "gnu++20";
				CLANG_ENABLE_MODULES = YES;
				CLANG_ENABLE_OBJC_ARC = YES;
				CLANG_ENABLE_OBJC_WEAK = YES;
				CLANG_WARN_BLOCK_CAPTURE_AUTORELEASING = YES;
				CLANG_WARN_BOOL_CONVERSION = YES;
				CLANG_WARN_COMMA = YES;
				CLANG_WARN_CONSTANT_CONVERSION = YES;
				CLANG_WARN_DEPRECATED_OBJC_IMPLEMENTATIONS = YES;
				CLANG_WARN_DIRECT_OBJC_ISA_USAGE = YES_ERROR;
				CLANG_WARN_DOCUMENTATION_COMMENTS = YES;
				CLANG_WARN_EMPTY_BODY = YES;
				CLANG_WARN_ENUM_CONVERSION = YES;
				CLANG_WARN_INFINITE_RECURSION = YES;
				CLANG_WARN_INT_CONVERSION = YES;
				CLANG_WARN_NON_LITERAL_NULL_CONVERSION = YES;
				CLANG_WARN_OBJC_IMPLICIT_RETAIN_SELF = YES;
				CLANG_WARN_OBJC_LITERAL_CONVERSION = YES;
				CLANG_WARN_OBJC_ROOT_CLASS = YES_ERROR;
				CLANG_WARN_QUOTED_INCLUDE_IN_FRAMEWORK_HEADER = YES;
				CLANG_WARN_RANGE_LOOP_ANALYSIS = YES;
				CLANG_WARN_STRICT_PROTOTYPES = YES;
				CLANG_WARN_SUSPICIOUS_MOVE = YES;
				CLANG_WARN_UNGUARDED_AVAILABILITY = YES_AGGRESSIVE;
				CLANG_WARN_UNREACHABLE_CODE = YES;
				CLANG_WARN__DUPLICATE_METHOD_MATCH = YES;
				COPY_PHASE_STRIP = NO;
				DEBUG_INFORMATION_FORMAT = "dwarf-with-dsym";
				ENABLE_NS_ASSERTIONS = NO;
				ENABLE_STRICT_OBJC_MSGSEND = YES;
				ENABLE_USER_SCRIPT_SANDBOXING = YES;
				GCC_C_LANGUAGE_STANDARD = gnu17;
				GCC_NO_COMMON_BLOCKS = YES;
				GCC_WARN_64_TO_32_BIT_CONVERSION = YES;
				GCC_WARN_ABOUT_RETURN_TYPE = YES_ERROR;
				GCC_WARN_UNDECLARED_SELECTOR = YES;
				GCC_WARN_UNINITIALIZED_AUTOS = YES_AGGRESSIVE;
				GCC_WARN_UNUSED_FUNCTION = YES;
				GCC_WARN_UNUSED_VARIABLE = YES;
				IPHONEOS_DEPLOYMENT_TARGET = 17.4;
				LOCALIZATION_PREFERS_STRING_CATALOGS = YES;
				MTL_ENABLE_DEBUG_INFO = NO;
				MTL_FAST_MATH = YES;
				SDKROOT = iphoneos;
				SWIFT_COMPILATION_MODE = wholemodule;
				VALIDATE_PRODUCT = YES;
			};
			name = Release;
		};
		9F06B9932C25BF3000335721 /* Debug */ = {
			isa = XCBuildConfiguration;
			buildSettings = {
				ASSETCATALOG_COMPILER_APPICON_NAME = AppIcon;
				ASSETCATALOG_COMPILER_GLOBAL_ACCENT_COLOR_NAME = AccentColor;
				CODE_SIGN_STYLE = Automatic;
				CURRENT_PROJECT_VERSION = 1;
				DEVELOPMENT_TEAM = VD878HBDH2;
				GENERATE_INFOPLIST_FILE = YES;
				INFOPLIST_FILE = PokeDex/Info.plist;
				INFOPLIST_KEY_UIApplicationSupportsIndirectInputEvents = YES;
				INFOPLIST_KEY_UILaunchStoryboardName = LaunchScreen;
				INFOPLIST_KEY_UISupportedInterfaceOrientations_iPad = "UIInterfaceOrientationPortrait UIInterfaceOrientationPortraitUpsideDown UIInterfaceOrientationLandscapeLeft UIInterfaceOrientationLandscapeRight";
				INFOPLIST_KEY_UISupportedInterfaceOrientations_iPhone = "UIInterfaceOrientationPortrait UIInterfaceOrientationLandscapeLeft UIInterfaceOrientationLandscapeRight";
				INFOPLIST_KEY_UIUserInterfaceStyle = Light;
				IPHONEOS_DEPLOYMENT_TARGET = 15.0;
				LD_RUNPATH_SEARCH_PATHS = (
					"$(inherited)",
					"@executable_path/Frameworks",
				);
				MARKETING_VERSION = 1.0;
				PRODUCT_BUNDLE_IDENTIFIER = com.bk4j.PokeDex;
				PRODUCT_NAME = "$(TARGET_NAME)";
				SWIFT_EMIT_LOC_STRINGS = YES;
				SWIFT_VERSION = 5.0;
				TARGETED_DEVICE_FAMILY = "1,2";
			};
			name = Debug;
		};
		9F06B9942C25BF3000335721 /* Release */ = {
			isa = XCBuildConfiguration;
			buildSettings = {
				ASSETCATALOG_COMPILER_APPICON_NAME = AppIcon;
				ASSETCATALOG_COMPILER_GLOBAL_ACCENT_COLOR_NAME = AccentColor;
				CODE_SIGN_STYLE = Automatic;
				CURRENT_PROJECT_VERSION = 1;
				DEVELOPMENT_TEAM = VD878HBDH2;
				GENERATE_INFOPLIST_FILE = YES;
				INFOPLIST_FILE = PokeDex/Info.plist;
				INFOPLIST_KEY_UIApplicationSupportsIndirectInputEvents = YES;
				INFOPLIST_KEY_UILaunchStoryboardName = LaunchScreen;
				INFOPLIST_KEY_UISupportedInterfaceOrientations_iPad = "UIInterfaceOrientationPortrait UIInterfaceOrientationPortraitUpsideDown UIInterfaceOrientationLandscapeLeft UIInterfaceOrientationLandscapeRight";
				INFOPLIST_KEY_UISupportedInterfaceOrientations_iPhone = "UIInterfaceOrientationPortrait UIInterfaceOrientationLandscapeLeft UIInterfaceOrientationLandscapeRight";
				INFOPLIST_KEY_UIUserInterfaceStyle = Light;
				IPHONEOS_DEPLOYMENT_TARGET = 15.0;
				LD_RUNPATH_SEARCH_PATHS = (
					"$(inherited)",
					"@executable_path/Frameworks",
				);
				MARKETING_VERSION = 1.0;
				PRODUCT_BUNDLE_IDENTIFIER = com.bk4j.PokeDex;
				PRODUCT_NAME = "$(TARGET_NAME)";
				SWIFT_EMIT_LOC_STRINGS = YES;
				SWIFT_VERSION = 5.0;
				TARGETED_DEVICE_FAMILY = "1,2";
			};
			name = Release;
		};
		9F06B9962C25BF3000335721 /* Debug */ = {
			isa = XCBuildConfiguration;
			buildSettings = {
				ALWAYS_EMBED_SWIFT_STANDARD_LIBRARIES = YES;
				BUNDLE_LOADER = "$(TEST_HOST)";
				CODE_SIGN_STYLE = Automatic;
				CURRENT_PROJECT_VERSION = 1;
				DEVELOPMENT_TEAM = VD878HBDH2;
				GENERATE_INFOPLIST_FILE = YES;
				IPHONEOS_DEPLOYMENT_TARGET = 17.4;
				MARKETING_VERSION = 1.0;
				PRODUCT_BUNDLE_IDENTIFIER = com.bk4j.PokeDexTests;
				PRODUCT_NAME = "$(TARGET_NAME)";
				SWIFT_EMIT_LOC_STRINGS = NO;
				SWIFT_VERSION = 5.0;
				TARGETED_DEVICE_FAMILY = "1,2";
				TEST_HOST = "$(BUILT_PRODUCTS_DIR)/PokeDex.app/$(BUNDLE_EXECUTABLE_FOLDER_PATH)/PokeDex";
			};
			name = Debug;
		};
		9F06B9972C25BF3000335721 /* Release */ = {
			isa = XCBuildConfiguration;
			buildSettings = {
				ALWAYS_EMBED_SWIFT_STANDARD_LIBRARIES = YES;
				BUNDLE_LOADER = "$(TEST_HOST)";
				CODE_SIGN_STYLE = Automatic;
				CURRENT_PROJECT_VERSION = 1;
				DEVELOPMENT_TEAM = VD878HBDH2;
				GENERATE_INFOPLIST_FILE = YES;
				IPHONEOS_DEPLOYMENT_TARGET = 17.4;
				MARKETING_VERSION = 1.0;
				PRODUCT_BUNDLE_IDENTIFIER = com.bk4j.PokeDexTests;
				PRODUCT_NAME = "$(TARGET_NAME)";
				SWIFT_EMIT_LOC_STRINGS = NO;
				SWIFT_VERSION = 5.0;
				TARGETED_DEVICE_FAMILY = "1,2";
				TEST_HOST = "$(BUILT_PRODUCTS_DIR)/PokeDex.app/$(BUNDLE_EXECUTABLE_FOLDER_PATH)/PokeDex";
			};
			name = Release;
		};
		9F06B9992C25BF3000335721 /* Debug */ = {
			isa = XCBuildConfiguration;
			buildSettings = {
				ALWAYS_EMBED_SWIFT_STANDARD_LIBRARIES = YES;
				CODE_SIGN_STYLE = Automatic;
				CURRENT_PROJECT_VERSION = 1;
				DEVELOPMENT_TEAM = VD878HBDH2;
				GENERATE_INFOPLIST_FILE = YES;
				MARKETING_VERSION = 1.0;
				PRODUCT_BUNDLE_IDENTIFIER = com.bk4j.PokeDexUITests;
				PRODUCT_NAME = "$(TARGET_NAME)";
				SWIFT_EMIT_LOC_STRINGS = NO;
				SWIFT_VERSION = 5.0;
				TARGETED_DEVICE_FAMILY = "1,2";
				TEST_TARGET_NAME = PokeDex;
			};
			name = Debug;
		};
		9F06B99A2C25BF3000335721 /* Release */ = {
			isa = XCBuildConfiguration;
			buildSettings = {
				ALWAYS_EMBED_SWIFT_STANDARD_LIBRARIES = YES;
				CODE_SIGN_STYLE = Automatic;
				CURRENT_PROJECT_VERSION = 1;
				DEVELOPMENT_TEAM = VD878HBDH2;
				GENERATE_INFOPLIST_FILE = YES;
				MARKETING_VERSION = 1.0;
				PRODUCT_BUNDLE_IDENTIFIER = com.bk4j.PokeDexUITests;
				PRODUCT_NAME = "$(TARGET_NAME)";
				SWIFT_EMIT_LOC_STRINGS = NO;
				SWIFT_VERSION = 5.0;
				TARGETED_DEVICE_FAMILY = "1,2";
				TEST_TARGET_NAME = PokeDex;
			};
			name = Release;
		};
/* End XCBuildConfiguration section */

/* Begin XCConfigurationList section */
		9F06B9632C25BF2F00335721 /* Build configuration list for PBXProject "PokeDex" */ = {
			isa = XCConfigurationList;
			buildConfigurations = (
				9F06B9902C25BF3000335721 /* Debug */,
				9F06B9912C25BF3000335721 /* Release */,
			);
			defaultConfigurationIsVisible = 0;
			defaultConfigurationName = Release;
		};
		9F06B9922C25BF3000335721 /* Build configuration list for PBXNativeTarget "PokeDex" */ = {
			isa = XCConfigurationList;
			buildConfigurations = (
				9F06B9932C25BF3000335721 /* Debug */,
				9F06B9942C25BF3000335721 /* Release */,
			);
			defaultConfigurationIsVisible = 0;
			defaultConfigurationName = Release;
		};
		9F06B9952C25BF3000335721 /* Build configuration list for PBXNativeTarget "PokeDexTests" */ = {
			isa = XCConfigurationList;
			buildConfigurations = (
				9F06B9962C25BF3000335721 /* Debug */,
				9F06B9972C25BF3000335721 /* Release */,
			);
			defaultConfigurationIsVisible = 0;
			defaultConfigurationName = Release;
		};
		9F06B9982C25BF3000335721 /* Build configuration list for PBXNativeTarget "PokeDexUITests" */ = {
			isa = XCConfigurationList;
			buildConfigurations = (
				9F06B9992C25BF3000335721 /* Debug */,
				9F06B99A2C25BF3000335721 /* Release */,
			);
			defaultConfigurationIsVisible = 0;
			defaultConfigurationName = Release;
		};
/* End XCConfigurationList section */

/* Begin XCRemoteSwiftPackageReference section */
		9F06B99B2C25BF6600335721 /* XCRemoteSwiftPackageReference "SnapKit" */ = {
			isa = XCRemoteSwiftPackageReference;
			repositoryURL = "https://github.com/SnapKit/SnapKit.git";
			requirement = {
				kind = upToNextMajorVersion;
				minimumVersion = 5.7.1;
			};
		};
		9F06B99E2C25BFDE00335721 /* XCRemoteSwiftPackageReference "SDWebImage" */ = {
			isa = XCRemoteSwiftPackageReference;
			repositoryURL = "https://github.com/SDWebImage/SDWebImage.git";
			requirement = {
				kind = upToNextMajorVersion;
				minimumVersion = 5.19.3;
			};
		};
		9F06B9A12C25C01900335721 /* XCRemoteSwiftPackageReference "Alamofire" */ = {
			isa = XCRemoteSwiftPackageReference;
			repositoryURL = "https://github.com/Alamofire/Alamofire.git";
			requirement = {
				kind = upToNextMajorVersion;
				minimumVersion = 5.9.1;
			};
		};
		9F34A6962C2AFF8900BA9006 /* XCRemoteSwiftPackageReference "swift-collections" */ = {
			isa = XCRemoteSwiftPackageReference;
			repositoryURL = "https://github.com/apple/swift-collections.git";
			requirement = {
				kind = upToNextMajorVersion;
				minimumVersion = 1.1.1;
			};
		};
/* End XCRemoteSwiftPackageReference section */

/* Begin XCSwiftPackageProductDependency section */
		9F06B99C2C25BF6600335721 /* SnapKit */ = {
			isa = XCSwiftPackageProductDependency;
			package = 9F06B99B2C25BF6600335721 /* XCRemoteSwiftPackageReference "SnapKit" */;
			productName = SnapKit;
		};
		9F06B99F2C25BFDE00335721 /* SDWebImage */ = {
			isa = XCSwiftPackageProductDependency;
			package = 9F06B99E2C25BFDE00335721 /* XCRemoteSwiftPackageReference "SDWebImage" */;
			productName = SDWebImage;
		};
		9F06B9A22C25C01900335721 /* Alamofire */ = {
			isa = XCSwiftPackageProductDependency;
			package = 9F06B9A12C25C01900335721 /* XCRemoteSwiftPackageReference "Alamofire" */;
			productName = Alamofire;
		};
		9F34A6972C2AFF8900BA9006 /* DequeModule */ = {
			isa = XCSwiftPackageProductDependency;
			package = 9F34A6962C2AFF8900BA9006 /* XCRemoteSwiftPackageReference "swift-collections" */;
			productName = DequeModule;
		};
/* End XCSwiftPackageProductDependency section */

/* Begin XCVersionGroup section */
		9FE282982D028A1C006DCA17 /* PokeDex.xcdatamodeld */ = {
			isa = XCVersionGroup;
			children = (
				9FE282992D028A1C006DCA17 /* PokeDex.xcdatamodel */,
			);
			currentVersion = 9FE282992D028A1C006DCA17 /* PokeDex.xcdatamodel */;
			path = PokeDex.xcdatamodeld;
			sourceTree = "<group>";
			versionGroupType = wrapper.xcdatamodel;
		};
/* End XCVersionGroup section */
	};
	rootObject = 9F06B9602C25BF2F00335721 /* Project object */;
}
